
Microsoft Visual Studio Solution File, Format Version 12.00
# Visual Studio 14
VisualStudioVersion = 14.0.25123.0
MinimumVisualStudioVersion = 10.0.40219.1
Project("{FAE04EC0-301F-11D3-BF4B-00C04F79EFBC}") = "RemoteTouch", "RemoteTouch\RemoteTouch.csproj", "{50BFC989-868D-4278-BEBA-8B12D85BAC80}"
	ProjectSection(ProjectDependencies) = postProject
		{0B31E029-774C-4AC6-9215-649B142D2C1D} = {0B31E029-774C-4AC6-9215-649B142D2C1D}
	EndProjectSection
EndProject
Project("{8BC9CEB8-8B4A-11D0-8D11-00A0C91BC942}") = "Environs", "Environs\Environs.v140.vcxproj", "{028EFA74-E95F-451E-8139-453787F1AB6C}"
EndProject
Project("{FAE04EC0-301F-11D3-BF4B-00C04F79EFBC}") = "MediaBrowser.S2", "MediaBrowser\MediaBrowser.S2.csproj", "{4DBB32DA-7D9F-49E4-87E6-06E5499E8E7C}"
	ProjectSection(ProjectDependencies) = postProject
		{519C97A2-8851-4DC8-9312-A4CD7B4EFD85} = {519C97A2-8851-4DC8-9312-A4CD7B4EFD85}
		{F03ABAB1-B87F-418E-A657-34D141EA8F70} = {F03ABAB1-B87F-418E-A657-34D141EA8F70}
	EndProjectSection
EndProject
Project("{8BC9CEB8-8B4A-11D0-8D11-00A0C91BC942}") = "Plugin.TrackTUIO", "Plugins\TrackTUIO\TrackTUIO.v140.vcxproj", "{86112FEC-709C-4660-AAA2-C1D89285896B}"
EndProject
Project("{8BC9CEB8-8B4A-11D0-8D11-00A0C91BC942}") = "Plugin.RecGestureThreeFinger", "Plugins\RecGestureThreeFinger\RecGestureThreeFinger.v140.vcxproj", "{3695E9DC-B8DE-40B8-9E4B-EEA289718D69}"
EndProject
Project("{8BC9CEB8-8B4A-11D0-8D11-00A0C91BC942}") = "Plugin.RecMouseSimulatorWin", "Plugins\RecMouseSimulatorWin\RecMouseSimulatorWin.v140.vcxproj", "{C9DE4C99-E5C4-4D10-9E98-BB83F6F886E6}"
EndProject
Project("{8BC9CEB8-8B4A-11D0-8D11-00A0C91BC942}") = "Plugin.RecTouchVisualizer", "Plugins\RecTouchVisualizer\RecTouchVisualizer.v140.vcxproj", "{FE8EE878-5F29-49C2-AE4D-66AB883C487D}"
EndProject
Project("{8BC9CEB8-8B4A-11D0-8D11-00A0C91BC942}") = "Plugin.DecOpenH264", "Plugins\DecOpenH264\DecOpenH264.v140.vcxproj", "{95DF5278-EC21-410B-B590-7767E424DE74}"
EndProject
Project("{8BC9CEB8-8B4A-11D0-8D11-00A0C91BC942}") = "Plugin.EncOpenH264", "Plugins\EncOpenH264\EncOpenH264.v140.vcxproj", "{AC9AD39E-B141-4B1F-8908-0CD6DF21ABFC}"
EndProject
Project("{8BC9CEB8-8B4A-11D0-8D11-00A0C91BC942}") = "Plugin.DecWindows", "Plugins\DecWindows\DecWindows.v140.vcxproj", "{872AA4F9-804C-4621-8B85-2DA869EA0417}"
EndProject
Project("{FAE04EC0-301F-11D3-BF4B-00C04F79EFBC}") = "CamPortal", "CamPortal\CamPortal.csproj", "{4E38F5F2-DC37-45D5-ADC6-84AA69B97F1A}"
	ProjectSection(ProjectDependencies) = postProject
		{0B31E029-774C-4AC6-9215-649B142D2C1D} = {0B31E029-774C-4AC6-9215-649B142D2C1D}
	EndProjectSection
EndProject
Project("{FAE04EC0-301F-11D3-BF4B-00C04F79EFBC}") = "ChatApp", "ChatApp\ChatApp.csproj", "{3A46155D-C19E-47AA-A4C2-9BAAA8C0B482}"
	ProjectSection(ProjectDependencies) = postProject
		{0B31E029-774C-4AC6-9215-649B142D2C1D} = {0B31E029-774C-4AC6-9215-649B142D2C1D}
	EndProjectSection
EndProject
Project("{8BC9CEB8-8B4A-11D0-8D11-00A0C91BC942}") = "Plugin.BaseNull", "Plugins\BaseNull\BaseNull.v140.vcxproj", "{43E37746-C71E-437B-B50A-6B9B369C92DA}"
EndProject
Project("{8BC9CEB8-8B4A-11D0-8D11-00A0C91BC942}") = "Plugin.CapCamera", "Plugins\CapCamera\CapCamera.v140.vcxproj", "{28D530A8-E673-444D-8FFA-98CBC71CA7C0}"
EndProject
Project("{8BC9CEB8-8B4A-11D0-8D11-00A0C91BC942}") = "Plugin.RendNull", "Plugins\RendNull\RendNull.v140.vcxproj", "{3ED1DDD5-B044-449D-8F11-3193776C646F}"
EndProject
Project("{FAE04EC0-301F-11D3-BF4B-00C04F79EFBC}") = "SensorData", "SensorData\SensorData.csproj", "{B1D6A697-A108-417F-B834-66BAAB516EC3}"
	ProjectSection(ProjectDependencies) = postProject
		{0B31E029-774C-4AC6-9215-649B142D2C1D} = {0B31E029-774C-4AC6-9215-649B142D2C1D}
		{B120CA46-83C8-48DA-820A-CD14F2211F1A} = {B120CA46-83C8-48DA-820A-CD14F2211F1A}
	EndProjectSection
EndProject
Project("{8BC9CEB8-8B4A-11D0-8D11-00A0C91BC942}") = "WindowWin32.v140", "WindowWin32\WindowWin32.v140.vcxproj", "{3A699ABD-B06F-4885-8973-D280C9C76DAE}"
	ProjectSection(ProjectDependencies) = postProject
		{028EFA74-E95F-451E-8139-453787F1AB6C} = {028EFA74-E95F-451E-8139-453787F1AB6C}
	EndProjectSection
EndProject
Project("{8BC9CEB8-8B4A-11D0-8D11-00A0C91BC942}") = "ChatApp.CPP", "ChatApp.CPP\ChatApp.v140.vcxproj", "{9ED39DB9-7FD9-43E1-A609-112D9D85AD38}"
	ProjectSection(ProjectDependencies) = postProject
		{028EFA74-E95F-451E-8139-453787F1AB6C} = {028EFA74-E95F-451E-8139-453787F1AB6C}
	EndProjectSection
EndProject
Project("{FAE04EC0-301F-11D3-BF4B-00C04F79EFBC}") = "Environs.Addon", "Environs.Addon\Environs.Addon.csproj", "{B120CA46-83C8-48DA-820A-CD14F2211F1A}"
	ProjectSection(ProjectDependencies) = postProject
		{0B31E029-774C-4AC6-9215-649B142D2C1D} = {0B31E029-774C-4AC6-9215-649B142D2C1D}
	EndProjectSection
EndProject
Project("{8BC9CEB8-8B4A-11D0-8D11-00A0C91BC942}") = "Environs.Net.v140", "Environs.Cli\Environs.Win.v140.vcxproj", "{0B31E029-774C-4AC6-9215-649B142D2C1D}"
	ProjectSection(ProjectDependencies) = postProject
		{028EFA74-E95F-451E-8139-453787F1AB6C} = {028EFA74-E95F-451E-8139-453787F1AB6C}
	EndProjectSection
EndProject
Project("{8BC9CEB8-8B4A-11D0-8D11-00A0C91BC942}") = "Environs.PixelSense.v140", "Environs.Cli\Environs.PixelSense.v140.vcxproj", "{F03ABAB1-B87F-418E-A657-34D141EA8F70}"
	ProjectSection(ProjectDependencies) = postProject
		{028EFA74-E95F-451E-8139-453787F1AB6C} = {028EFA74-E95F-451E-8139-453787F1AB6C}
	EndProjectSection
EndProject
Project("{FAE04EC0-301F-11D3-BF4B-00C04F79EFBC}") = "Environs.Addon.PixelSense", "Environs.Addon.PixelSense\Environs.Addon.PixelSense.csproj", "{519C97A2-8851-4DC8-9312-A4CD7B4EFD85}"
EndProject
Project("{8BC9CEB8-8B4A-11D0-8D11-00A0C91BC942}") = "Environs.NoUI.v140", "Environs.Cli\Environs.NoUI.v140.vcxproj", "{B8A704FA-F3F7-43DF-A2A0-CD97F04E27AA}"
EndProject
Project("{8BC9CEB8-8B4A-11D0-8D11-00A0C91BC942}") = "Simple.Console.CPP", "Simple.Console.CPP\Simple.Console.CPP.v140.vcxproj", "{D4FC0F11-21A7-46FC-9EB0-7FCE82E03468}"
EndProject
Project("{FAE04EC0-301F-11D3-BF4B-00C04F79EFBC}") = "Simple.Console.CS.4", "Simple.Console.CS\Simple.Console.CS.4.csproj", "{02716DE7-2C08-43A2-A968-937716F25A30}"
	ProjectSection(ProjectDependencies) = postProject
		{B8A704FA-F3F7-43DF-A2A0-CD97F04E27AA} = {B8A704FA-F3F7-43DF-A2A0-CD97F04E27AA}
	EndProjectSection
EndProject
Project("{8BC9CEB8-8B4A-11D0-8D11-00A0C91BC942}") = "Echo.Bot.CPP", "Echo.Bot.CPP\Echo.Bot.CPP.v140.vcxproj", "{70B1F422-B6C6-49B7-AF31-95EA8B226379}"
	ProjectSection(ProjectDependencies) = postProject
		{028EFA74-E95F-451E-8139-453787F1AB6C} = {028EFA74-E95F-451E-8139-453787F1AB6C}
	EndProjectSection
EndProject
Project("{FAE04EC0-301F-11D3-BF4B-00C04F79EFBC}") = "Echo.Bot.CS.4", "Echo.Bot.CS\Echo.Bot.CS.4.csproj", "{F76D934E-2B10-40FA-9F9E-C82FAE93D7C9}"
	ProjectSection(ProjectDependencies) = postProject
		{B8A704FA-F3F7-43DF-A2A0-CD97F04E27AA} = {B8A704FA-F3F7-43DF-A2A0-CD97F04E27AA}
	EndProjectSection
EndProject
Project("{FAE04EC0-301F-11D3-BF4B-00C04F79EFBC}") = "ChatApp2", "ChatApp\ChatApp2.csproj", "{3CC5A633-D7DC-4C8A-BE20-37CBDE509570}"
	ProjectSection(ProjectDependencies) = postProject
		{0B31E029-774C-4AC6-9215-649B142D2C1D} = {0B31E029-774C-4AC6-9215-649B142D2C1D}
		{3A46155D-C19E-47AA-A4C2-9BAAA8C0B482} = {3A46155D-C19E-47AA-A4C2-9BAAA8C0B482}
	EndProjectSection
EndProject
Global
	GlobalSection(SolutionConfigurationPlatforms) = preSolution
		Debug|Any CPU = Debug|Any CPU
		Debug|Mixed Platforms = Debug|Mixed Platforms
		Debug|Win32 = Debug|Win32
		Debug|x64 = Debug|x64
		Debug|x86 = Debug|x86
		Release|Any CPU = Release|Any CPU
		Release|Mixed Platforms = Release|Mixed Platforms
		Release|Win32 = Release|Win32
		Release|x64 = Release|x64
		Release|x86 = Release|x86
	EndGlobalSection
	GlobalSection(ProjectConfigurationPlatforms) = postSolution
		{50BFC989-868D-4278-BEBA-8B12D85BAC80}.Debug|Any CPU.ActiveCfg = Debug|Any CPU
		{50BFC989-868D-4278-BEBA-8B12D85BAC80}.Debug|Any CPU.Build.0 = Debug|Any CPU
		{50BFC989-868D-4278-BEBA-8B12D85BAC80}.Debug|Mixed Platforms.ActiveCfg = Debug|x86
		{50BFC989-868D-4278-BEBA-8B12D85BAC80}.Debug|Mixed Platforms.Build.0 = Debug|x86
		{50BFC989-868D-4278-BEBA-8B12D85BAC80}.Debug|Win32.ActiveCfg = Debug|x86
		{50BFC989-868D-4278-BEBA-8B12D85BAC80}.Debug|Win32.Build.0 = Debug|x86
		{50BFC989-868D-4278-BEBA-8B12D85BAC80}.Debug|x64.ActiveCfg = Debug|x64
		{50BFC989-868D-4278-BEBA-8B12D85BAC80}.Debug|x64.Build.0 = Debug|x64
		{50BFC989-868D-4278-BEBA-8B12D85BAC80}.Debug|x86.ActiveCfg = Debug|x86
		{50BFC989-868D-4278-BEBA-8B12D85BAC80}.Debug|x86.Build.0 = Debug|x86
		{50BFC989-868D-4278-BEBA-8B12D85BAC80}.Release|Any CPU.ActiveCfg = Release|Any CPU
		{50BFC989-868D-4278-BEBA-8B12D85BAC80}.Release|Any CPU.Build.0 = Release|Any CPU
		{50BFC989-868D-4278-BEBA-8B12D85BAC80}.Release|Mixed Platforms.ActiveCfg = Release|x86
		{50BFC989-868D-4278-BEBA-8B12D85BAC80}.Release|Mixed Platforms.Build.0 = Release|x86
		{50BFC989-868D-4278-BEBA-8B12D85BAC80}.Release|Win32.ActiveCfg = Release|x86
		{50BFC989-868D-4278-BEBA-8B12D85BAC80}.Release|Win32.Build.0 = Release|x86
		{50BFC989-868D-4278-BEBA-8B12D85BAC80}.Release|x64.ActiveCfg = Release|x64
		{50BFC989-868D-4278-BEBA-8B12D85BAC80}.Release|x64.Build.0 = Release|x64
		{50BFC989-868D-4278-BEBA-8B12D85BAC80}.Release|x86.ActiveCfg = Release|x86
		{50BFC989-868D-4278-BEBA-8B12D85BAC80}.Release|x86.Build.0 = Release|x86
		{028EFA74-E95F-451E-8139-453787F1AB6C}.Debug|Any CPU.ActiveCfg = Debug|Win32
		{028EFA74-E95F-451E-8139-453787F1AB6C}.Debug|Any CPU.Build.0 = Debug|Win32
		{028EFA74-E95F-451E-8139-453787F1AB6C}.Debug|Mixed Platforms.ActiveCfg = Debug|Win32
		{028EFA74-E95F-451E-8139-453787F1AB6C}.Debug|Mixed Platforms.Build.0 = Debug|Win32
		{028EFA74-E95F-451E-8139-453787F1AB6C}.Debug|Win32.ActiveCfg = Debug|Win32
		{028EFA74-E95F-451E-8139-453787F1AB6C}.Debug|Win32.Build.0 = Debug|Win32
		{028EFA74-E95F-451E-8139-453787F1AB6C}.Debug|x64.ActiveCfg = Debug|x64
		{028EFA74-E95F-451E-8139-453787F1AB6C}.Debug|x64.Build.0 = Debug|x64
		{028EFA74-E95F-451E-8139-453787F1AB6C}.Debug|x86.ActiveCfg = Debug|Win32
		{028EFA74-E95F-451E-8139-453787F1AB6C}.Debug|x86.Build.0 = Debug|Win32
		{028EFA74-E95F-451E-8139-453787F1AB6C}.Release|Any CPU.ActiveCfg = Release|Win32
		{028EFA74-E95F-451E-8139-453787F1AB6C}.Release|Any CPU.Build.0 = Release|Win32
		{028EFA74-E95F-451E-8139-453787F1AB6C}.Release|Mixed Platforms.ActiveCfg = Release|Win32
		{028EFA74-E95F-451E-8139-453787F1AB6C}.Release|Mixed Platforms.Build.0 = Release|Win32
		{028EFA74-E95F-451E-8139-453787F1AB6C}.Release|Win32.ActiveCfg = Release|Win32
		{028EFA74-E95F-451E-8139-453787F1AB6C}.Release|Win32.Build.0 = Release|Win32
		{028EFA74-E95F-451E-8139-453787F1AB6C}.Release|x64.ActiveCfg = Release|x64
		{028EFA74-E95F-451E-8139-453787F1AB6C}.Release|x64.Build.0 = Release|x64
		{028EFA74-E95F-451E-8139-453787F1AB6C}.Release|x86.ActiveCfg = Release|Win32
		{028EFA74-E95F-451E-8139-453787F1AB6C}.Release|x86.Build.0 = Release|Win32
		{4DBB32DA-7D9F-49E4-87E6-06E5499E8E7C}.Debug|Any CPU.ActiveCfg = Debug|Any CPU
		{4DBB32DA-7D9F-49E4-87E6-06E5499E8E7C}.Debug|Mixed Platforms.ActiveCfg = Debug|x86
		{4DBB32DA-7D9F-49E4-87E6-06E5499E8E7C}.Debug|Win32.ActiveCfg = Debug|x86
		{4DBB32DA-7D9F-49E4-87E6-06E5499E8E7C}.Debug|Win32.Build.0 = Debug|x86
		{4DBB32DA-7D9F-49E4-87E6-06E5499E8E7C}.Debug|x64.ActiveCfg = Debug|x64
		{4DBB32DA-7D9F-49E4-87E6-06E5499E8E7C}.Debug|x86.ActiveCfg = Debug|x86
		{4DBB32DA-7D9F-49E4-87E6-06E5499E8E7C}.Release|Any CPU.ActiveCfg = Release|Any CPU
		{4DBB32DA-7D9F-49E4-87E6-06E5499E8E7C}.Release|Mixed Platforms.ActiveCfg = Release|x86
		{4DBB32DA-7D9F-49E4-87E6-06E5499E8E7C}.Release|Win32.ActiveCfg = Release|x86
		{4DBB32DA-7D9F-49E4-87E6-06E5499E8E7C}.Release|Win32.Build.0 = Release|x86
		{4DBB32DA-7D9F-49E4-87E6-06E5499E8E7C}.Release|x64.ActiveCfg = Release|x64
		{4DBB32DA-7D9F-49E4-87E6-06E5499E8E7C}.Release|x86.ActiveCfg = Release|x86
		{86112FEC-709C-4660-AAA2-C1D89285896B}.Debug|Any CPU.ActiveCfg = Debug|Win32
		{86112FEC-709C-4660-AAA2-C1D89285896B}.Debug|Any CPU.Build.0 = Debug|Win32
		{86112FEC-709C-4660-AAA2-C1D89285896B}.Debug|Mixed Platforms.ActiveCfg = Debug|Win32
		{86112FEC-709C-4660-AAA2-C1D89285896B}.Debug|Mixed Platforms.Build.0 = Debug|Win32
		{86112FEC-709C-4660-AAA2-C1D89285896B}.Debug|Win32.ActiveCfg = Debug|Win32
		{86112FEC-709C-4660-AAA2-C1D89285896B}.Debug|Win32.Build.0 = Debug|Win32
		{86112FEC-709C-4660-AAA2-C1D89285896B}.Debug|x64.ActiveCfg = Debug|x64
		{86112FEC-709C-4660-AAA2-C1D89285896B}.Debug|x64.Build.0 = Debug|x64
		{86112FEC-709C-4660-AAA2-C1D89285896B}.Debug|x86.ActiveCfg = Debug|Win32
		{86112FEC-709C-4660-AAA2-C1D89285896B}.Debug|x86.Build.0 = Debug|Win32
		{86112FEC-709C-4660-AAA2-C1D89285896B}.Release|Any CPU.ActiveCfg = Release|Win32
		{86112FEC-709C-4660-AAA2-C1D89285896B}.Release|Any CPU.Build.0 = Release|Win32
		{86112FEC-709C-4660-AAA2-C1D89285896B}.Release|Mixed Platforms.ActiveCfg = Release|Win32
		{86112FEC-709C-4660-AAA2-C1D89285896B}.Release|Mixed Platforms.Build.0 = Release|Win32
		{86112FEC-709C-4660-AAA2-C1D89285896B}.Release|Win32.ActiveCfg = Release|Win32
		{86112FEC-709C-4660-AAA2-C1D89285896B}.Release|Win32.Build.0 = Release|Win32
		{86112FEC-709C-4660-AAA2-C1D89285896B}.Release|x64.ActiveCfg = Release|x64
		{86112FEC-709C-4660-AAA2-C1D89285896B}.Release|x64.Build.0 = Release|x64
		{86112FEC-709C-4660-AAA2-C1D89285896B}.Release|x86.ActiveCfg = Release|Win32
		{86112FEC-709C-4660-AAA2-C1D89285896B}.Release|x86.Build.0 = Release|Win32
		{3695E9DC-B8DE-40B8-9E4B-EEA289718D69}.Debug|Any CPU.ActiveCfg = Debug|Win32
		{3695E9DC-B8DE-40B8-9E4B-EEA289718D69}.Debug|Any CPU.Build.0 = Debug|Win32
		{3695E9DC-B8DE-40B8-9E4B-EEA289718D69}.Debug|Mixed Platforms.ActiveCfg = Debug|Win32
		{3695E9DC-B8DE-40B8-9E4B-EEA289718D69}.Debug|Mixed Platforms.Build.0 = Debug|Win32
		{3695E9DC-B8DE-40B8-9E4B-EEA289718D69}.Debug|Win32.ActiveCfg = Debug|Win32
		{3695E9DC-B8DE-40B8-9E4B-EEA289718D69}.Debug|Win32.Build.0 = Debug|Win32
		{3695E9DC-B8DE-40B8-9E4B-EEA289718D69}.Debug|x64.ActiveCfg = Debug|x64
		{3695E9DC-B8DE-40B8-9E4B-EEA289718D69}.Debug|x64.Build.0 = Debug|x64
		{3695E9DC-B8DE-40B8-9E4B-EEA289718D69}.Debug|x86.ActiveCfg = Debug|Win32
		{3695E9DC-B8DE-40B8-9E4B-EEA289718D69}.Debug|x86.Build.0 = Debug|Win32
		{3695E9DC-B8DE-40B8-9E4B-EEA289718D69}.Release|Any CPU.ActiveCfg = Release|Win32
		{3695E9DC-B8DE-40B8-9E4B-EEA289718D69}.Release|Any CPU.Build.0 = Release|Win32
		{3695E9DC-B8DE-40B8-9E4B-EEA289718D69}.Release|Mixed Platforms.ActiveCfg = Release|Win32
		{3695E9DC-B8DE-40B8-9E4B-EEA289718D69}.Release|Mixed Platforms.Build.0 = Release|Win32
		{3695E9DC-B8DE-40B8-9E4B-EEA289718D69}.Release|Win32.ActiveCfg = Release|Win32
		{3695E9DC-B8DE-40B8-9E4B-EEA289718D69}.Release|Win32.Build.0 = Release|Win32
		{3695E9DC-B8DE-40B8-9E4B-EEA289718D69}.Release|x64.ActiveCfg = Release|x64
		{3695E9DC-B8DE-40B8-9E4B-EEA289718D69}.Release|x64.Build.0 = Release|x64
		{3695E9DC-B8DE-40B8-9E4B-EEA289718D69}.Release|x86.ActiveCfg = Release|Win32
		{3695E9DC-B8DE-40B8-9E4B-EEA289718D69}.Release|x86.Build.0 = Release|Win32
		{C9DE4C99-E5C4-4D10-9E98-BB83F6F886E6}.Debug|Any CPU.ActiveCfg = Debug|Win32
		{C9DE4C99-E5C4-4D10-9E98-BB83F6F886E6}.Debug|Any CPU.Build.0 = Debug|Win32
		{C9DE4C99-E5C4-4D10-9E98-BB83F6F886E6}.Debug|Mixed Platforms.ActiveCfg = Debug|Win32
		{C9DE4C99-E5C4-4D10-9E98-BB83F6F886E6}.Debug|Mixed Platforms.Build.0 = Debug|Win32
		{C9DE4C99-E5C4-4D10-9E98-BB83F6F886E6}.Debug|Win32.ActiveCfg = Debug|Win32
		{C9DE4C99-E5C4-4D10-9E98-BB83F6F886E6}.Debug|Win32.Build.0 = Debug|Win32
		{C9DE4C99-E5C4-4D10-9E98-BB83F6F886E6}.Debug|x64.ActiveCfg = Debug|x64
		{C9DE4C99-E5C4-4D10-9E98-BB83F6F886E6}.Debug|x64.Build.0 = Debug|x64
		{C9DE4C99-E5C4-4D10-9E98-BB83F6F886E6}.Debug|x86.ActiveCfg = Debug|Win32
		{C9DE4C99-E5C4-4D10-9E98-BB83F6F886E6}.Debug|x86.Build.0 = Debug|Win32
		{C9DE4C99-E5C4-4D10-9E98-BB83F6F886E6}.Release|Any CPU.ActiveCfg = Release|Win32
		{C9DE4C99-E5C4-4D10-9E98-BB83F6F886E6}.Release|Any CPU.Build.0 = Release|Win32
		{C9DE4C99-E5C4-4D10-9E98-BB83F6F886E6}.Release|Mixed Platforms.ActiveCfg = Release|Win32
		{C9DE4C99-E5C4-4D10-9E98-BB83F6F886E6}.Release|Mixed Platforms.Build.0 = Release|Win32
		{C9DE4C99-E5C4-4D10-9E98-BB83F6F886E6}.Release|Win32.ActiveCfg = Release|Win32
		{C9DE4C99-E5C4-4D10-9E98-BB83F6F886E6}.Release|Win32.Build.0 = Release|Win32
		{C9DE4C99-E5C4-4D10-9E98-BB83F6F886E6}.Release|x64.ActiveCfg = Release|x64
		{C9DE4C99-E5C4-4D10-9E98-BB83F6F886E6}.Release|x64.Build.0 = Release|x64
		{C9DE4C99-E5C4-4D10-9E98-BB83F6F886E6}.Release|x86.ActiveCfg = Release|Win32
		{C9DE4C99-E5C4-4D10-9E98-BB83F6F886E6}.Release|x86.Build.0 = Release|Win32
		{FE8EE878-5F29-49C2-AE4D-66AB883C487D}.Debug|Any CPU.ActiveCfg = Debug|Win32
		{FE8EE878-5F29-49C2-AE4D-66AB883C487D}.Debug|Any CPU.Build.0 = Debug|Win32
		{FE8EE878-5F29-49C2-AE4D-66AB883C487D}.Debug|Mixed Platforms.ActiveCfg = Debug|Win32
		{FE8EE878-5F29-49C2-AE4D-66AB883C487D}.Debug|Mixed Platforms.Build.0 = Debug|Win32
		{FE8EE878-5F29-49C2-AE4D-66AB883C487D}.Debug|Win32.ActiveCfg = Debug|Win32
		{FE8EE878-5F29-49C2-AE4D-66AB883C487D}.Debug|Win32.Build.0 = Debug|Win32
		{FE8EE878-5F29-49C2-AE4D-66AB883C487D}.Debug|x64.ActiveCfg = Debug|x64
		{FE8EE878-5F29-49C2-AE4D-66AB883C487D}.Debug|x64.Build.0 = Debug|x64
		{FE8EE878-5F29-49C2-AE4D-66AB883C487D}.Debug|x86.ActiveCfg = Debug|Win32
		{FE8EE878-5F29-49C2-AE4D-66AB883C487D}.Debug|x86.Build.0 = Debug|Win32
		{FE8EE878-5F29-49C2-AE4D-66AB883C487D}.Release|Any CPU.ActiveCfg = Release|Win32
		{FE8EE878-5F29-49C2-AE4D-66AB883C487D}.Release|Any CPU.Build.0 = Release|Win32
		{FE8EE878-5F29-49C2-AE4D-66AB883C487D}.Release|Mixed Platforms.ActiveCfg = Release|Win32
		{FE8EE878-5F29-49C2-AE4D-66AB883C487D}.Release|Mixed Platforms.Build.0 = Release|Win32
		{FE8EE878-5F29-49C2-AE4D-66AB883C487D}.Release|Win32.ActiveCfg = Release|Win32
		{FE8EE878-5F29-49C2-AE4D-66AB883C487D}.Release|Win32.Build.0 = Release|Win32
		{FE8EE878-5F29-49C2-AE4D-66AB883C487D}.Release|x64.ActiveCfg = Release|x64
		{FE8EE878-5F29-49C2-AE4D-66AB883C487D}.Release|x64.Build.0 = Release|x64
		{FE8EE878-5F29-49C2-AE4D-66AB883C487D}.Release|x86.ActiveCfg = Release|Win32
		{FE8EE878-5F29-49C2-AE4D-66AB883C487D}.Release|x86.Build.0 = Release|Win32
		{95DF5278-EC21-410B-B590-7767E424DE74}.Debug|Any CPU.ActiveCfg = Debug|Win32
		{95DF5278-EC21-410B-B590-7767E424DE74}.Debug|Any CPU.Build.0 = Debug|Win32
		{95DF5278-EC21-410B-B590-7767E424DE74}.Debug|Mixed Platforms.ActiveCfg = Debug|Win32
		{95DF5278-EC21-410B-B590-7767E424DE74}.Debug|Mixed Platforms.Build.0 = Debug|Win32
		{95DF5278-EC21-410B-B590-7767E424DE74}.Debug|Win32.ActiveCfg = Debug|Win32
		{95DF5278-EC21-410B-B590-7767E424DE74}.Debug|Win32.Build.0 = Debug|Win32
		{95DF5278-EC21-410B-B590-7767E424DE74}.Debug|x64.ActiveCfg = Debug|x64
		{95DF5278-EC21-410B-B590-7767E424DE74}.Debug|x64.Build.0 = Debug|x64
		{95DF5278-EC21-410B-B590-7767E424DE74}.Debug|x86.ActiveCfg = Debug|Win32
		{95DF5278-EC21-410B-B590-7767E424DE74}.Debug|x86.Build.0 = Debug|Win32
		{95DF5278-EC21-410B-B590-7767E424DE74}.Release|Any CPU.ActiveCfg = Release|Win32
		{95DF5278-EC21-410B-B590-7767E424DE74}.Release|Any CPU.Build.0 = Release|Win32
		{95DF5278-EC21-410B-B590-7767E424DE74}.Release|Mixed Platforms.ActiveCfg = Release|Win32
		{95DF5278-EC21-410B-B590-7767E424DE74}.Release|Mixed Platforms.Build.0 = Release|Win32
		{95DF5278-EC21-410B-B590-7767E424DE74}.Release|Win32.ActiveCfg = Release|Win32
		{95DF5278-EC21-410B-B590-7767E424DE74}.Release|Win32.Build.0 = Release|Win32
		{95DF5278-EC21-410B-B590-7767E424DE74}.Release|x64.ActiveCfg = Release|x64
		{95DF5278-EC21-410B-B590-7767E424DE74}.Release|x64.Build.0 = Release|x64
		{95DF5278-EC21-410B-B590-7767E424DE74}.Release|x86.ActiveCfg = Release|Win32
		{95DF5278-EC21-410B-B590-7767E424DE74}.Release|x86.Build.0 = Release|Win32
		{AC9AD39E-B141-4B1F-8908-0CD6DF21ABFC}.Debug|Any CPU.ActiveCfg = Debug|Win32
		{AC9AD39E-B141-4B1F-8908-0CD6DF21ABFC}.Debug|Any CPU.Build.0 = Debug|Win32
		{AC9AD39E-B141-4B1F-8908-0CD6DF21ABFC}.Debug|Mixed Platforms.ActiveCfg = Debug|Win32
		{AC9AD39E-B141-4B1F-8908-0CD6DF21ABFC}.Debug|Mixed Platforms.Build.0 = Debug|Win32
		{AC9AD39E-B141-4B1F-8908-0CD6DF21ABFC}.Debug|Win32.ActiveCfg = Debug|Win32
		{AC9AD39E-B141-4B1F-8908-0CD6DF21ABFC}.Debug|Win32.Build.0 = Debug|Win32
		{AC9AD39E-B141-4B1F-8908-0CD6DF21ABFC}.Debug|x64.ActiveCfg = Debug|x64
		{AC9AD39E-B141-4B1F-8908-0CD6DF21ABFC}.Debug|x64.Build.0 = Debug|x64
		{AC9AD39E-B141-4B1F-8908-0CD6DF21ABFC}.Debug|x86.ActiveCfg = Debug|Win32
		{AC9AD39E-B141-4B1F-8908-0CD6DF21ABFC}.Debug|x86.Build.0 = Debug|Win32
		{AC9AD39E-B141-4B1F-8908-0CD6DF21ABFC}.Release|Any CPU.ActiveCfg = Release|Win32
		{AC9AD39E-B141-4B1F-8908-0CD6DF21ABFC}.Release|Any CPU.Build.0 = Release|Win32
		{AC9AD39E-B141-4B1F-8908-0CD6DF21ABFC}.Release|Mixed Platforms.ActiveCfg = Release|Win32
		{AC9AD39E-B141-4B1F-8908-0CD6DF21ABFC}.Release|Mixed Platforms.Build.0 = Release|Win32
		{AC9AD39E-B141-4B1F-8908-0CD6DF21ABFC}.Release|Win32.ActiveCfg = Release|Win32
		{AC9AD39E-B141-4B1F-8908-0CD6DF21ABFC}.Release|Win32.Build.0 = Release|Win32
		{AC9AD39E-B141-4B1F-8908-0CD6DF21ABFC}.Release|x64.ActiveCfg = Release|x64
		{AC9AD39E-B141-4B1F-8908-0CD6DF21ABFC}.Release|x64.Build.0 = Release|x64
		{AC9AD39E-B141-4B1F-8908-0CD6DF21ABFC}.Release|x86.ActiveCfg = Release|Win32
		{AC9AD39E-B141-4B1F-8908-0CD6DF21ABFC}.Release|x86.Build.0 = Release|Win32
		{872AA4F9-804C-4621-8B85-2DA869EA0417}.Debug|Any CPU.ActiveCfg = Debug|Win32
		{872AA4F9-804C-4621-8B85-2DA869EA0417}.Debug|Any CPU.Build.0 = Debug|Win32
		{872AA4F9-804C-4621-8B85-2DA869EA0417}.Debug|Mixed Platforms.ActiveCfg = Debug|Win32
		{872AA4F9-804C-4621-8B85-2DA869EA0417}.Debug|Mixed Platforms.Build.0 = Debug|Win32
		{872AA4F9-804C-4621-8B85-2DA869EA0417}.Debug|Win32.ActiveCfg = Debug|Win32
		{872AA4F9-804C-4621-8B85-2DA869EA0417}.Debug|Win32.Build.0 = Debug|Win32
		{872AA4F9-804C-4621-8B85-2DA869EA0417}.Debug|x64.ActiveCfg = Debug|x64
		{872AA4F9-804C-4621-8B85-2DA869EA0417}.Debug|x64.Build.0 = Debug|x64
		{872AA4F9-804C-4621-8B85-2DA869EA0417}.Debug|x86.ActiveCfg = Debug|Win32
		{872AA4F9-804C-4621-8B85-2DA869EA0417}.Debug|x86.Build.0 = Debug|Win32
		{872AA4F9-804C-4621-8B85-2DA869EA0417}.Release|Any CPU.ActiveCfg = Release|Win32
		{872AA4F9-804C-4621-8B85-2DA869EA0417}.Release|Any CPU.Build.0 = Release|Win32
		{872AA4F9-804C-4621-8B85-2DA869EA0417}.Release|Mixed Platforms.ActiveCfg = Release|Win32
		{872AA4F9-804C-4621-8B85-2DA869EA0417}.Release|Mixed Platforms.Build.0 = Release|Win32
		{872AA4F9-804C-4621-8B85-2DA869EA0417}.Release|Win32.ActiveCfg = Release|Win32
		{872AA4F9-804C-4621-8B85-2DA869EA0417}.Release|Win32.Build.0 = Release|Win32
		{872AA4F9-804C-4621-8B85-2DA869EA0417}.Release|x64.ActiveCfg = Release|x64
		{872AA4F9-804C-4621-8B85-2DA869EA0417}.Release|x64.Build.0 = Release|x64
		{872AA4F9-804C-4621-8B85-2DA869EA0417}.Release|x86.ActiveCfg = Release|Win32
		{872AA4F9-804C-4621-8B85-2DA869EA0417}.Release|x86.Build.0 = Release|Win32
		{4E38F5F2-DC37-45D5-ADC6-84AA69B97F1A}.Debug|Any CPU.ActiveCfg = Debug|Any CPU
		{4E38F5F2-DC37-45D5-ADC6-84AA69B97F1A}.Debug|Any CPU.Build.0 = Debug|Any CPU
		{4E38F5F2-DC37-45D5-ADC6-84AA69B97F1A}.Debug|Mixed Platforms.ActiveCfg = Debug|x86
		{4E38F5F2-DC37-45D5-ADC6-84AA69B97F1A}.Debug|Mixed Platforms.Build.0 = Debug|x86
		{4E38F5F2-DC37-45D5-ADC6-84AA69B97F1A}.Debug|Win32.ActiveCfg = Debug|x86
		{4E38F5F2-DC37-45D5-ADC6-84AA69B97F1A}.Debug|Win32.Build.0 = Debug|x86
		{4E38F5F2-DC37-45D5-ADC6-84AA69B97F1A}.Debug|x64.ActiveCfg = Debug|x64
		{4E38F5F2-DC37-45D5-ADC6-84AA69B97F1A}.Debug|x64.Build.0 = Debug|x64
		{4E38F5F2-DC37-45D5-ADC6-84AA69B97F1A}.Debug|x86.ActiveCfg = Debug|x86
		{4E38F5F2-DC37-45D5-ADC6-84AA69B97F1A}.Debug|x86.Build.0 = Debug|x86
		{4E38F5F2-DC37-45D5-ADC6-84AA69B97F1A}.Release|Any CPU.ActiveCfg = Release|Any CPU
		{4E38F5F2-DC37-45D5-ADC6-84AA69B97F1A}.Release|Any CPU.Build.0 = Release|Any CPU
		{4E38F5F2-DC37-45D5-ADC6-84AA69B97F1A}.Release|Mixed Platforms.ActiveCfg = Release|x86
		{4E38F5F2-DC37-45D5-ADC6-84AA69B97F1A}.Release|Mixed Platforms.Build.0 = Release|x86
		{4E38F5F2-DC37-45D5-ADC6-84AA69B97F1A}.Release|Win32.ActiveCfg = Release|x86
		{4E38F5F2-DC37-45D5-ADC6-84AA69B97F1A}.Release|Win32.Build.0 = Release|x86
		{4E38F5F2-DC37-45D5-ADC6-84AA69B97F1A}.Release|x64.ActiveCfg = Release|x64
		{4E38F5F2-DC37-45D5-ADC6-84AA69B97F1A}.Release|x64.Build.0 = Release|x64
		{4E38F5F2-DC37-45D5-ADC6-84AA69B97F1A}.Release|x86.ActiveCfg = Release|x86
		{4E38F5F2-DC37-45D5-ADC6-84AA69B97F1A}.Release|x86.Build.0 = Release|x86
		{3A46155D-C19E-47AA-A4C2-9BAAA8C0B482}.Debug|Any CPU.ActiveCfg = Debug|Any CPU
		{3A46155D-C19E-47AA-A4C2-9BAAA8C0B482}.Debug|Any CPU.Build.0 = Debug|Any CPU
		{3A46155D-C19E-47AA-A4C2-9BAAA8C0B482}.Debug|Mixed Platforms.ActiveCfg = Debug|x86
		{3A46155D-C19E-47AA-A4C2-9BAAA8C0B482}.Debug|Mixed Platforms.Build.0 = Debug|x86
		{3A46155D-C19E-47AA-A4C2-9BAAA8C0B482}.Debug|Win32.ActiveCfg = Debug|x86
		{3A46155D-C19E-47AA-A4C2-9BAAA8C0B482}.Debug|Win32.Build.0 = Debug|x86
		{3A46155D-C19E-47AA-A4C2-9BAAA8C0B482}.Debug|x64.ActiveCfg = Debug|x64
		{3A46155D-C19E-47AA-A4C2-9BAAA8C0B482}.Debug|x64.Build.0 = Debug|x64
		{3A46155D-C19E-47AA-A4C2-9BAAA8C0B482}.Debug|x86.ActiveCfg = Debug|x86
		{3A46155D-C19E-47AA-A4C2-9BAAA8C0B482}.Debug|x86.Build.0 = Debug|x86
		{3A46155D-C19E-47AA-A4C2-9BAAA8C0B482}.Release|Any CPU.ActiveCfg = Release|Any CPU
		{3A46155D-C19E-47AA-A4C2-9BAAA8C0B482}.Release|Any CPU.Build.0 = Release|Any CPU
		{3A46155D-C19E-47AA-A4C2-9BAAA8C0B482}.Release|Mixed Platforms.ActiveCfg = Release|x86
		{3A46155D-C19E-47AA-A4C2-9BAAA8C0B482}.Release|Mixed Platforms.Build.0 = Release|x86
		{3A46155D-C19E-47AA-A4C2-9BAAA8C0B482}.Release|Win32.ActiveCfg = Release|x86
		{3A46155D-C19E-47AA-A4C2-9BAAA8C0B482}.Release|Win32.Build.0 = Release|x86
		{3A46155D-C19E-47AA-A4C2-9BAAA8C0B482}.Release|x64.ActiveCfg = Release|x64
		{3A46155D-C19E-47AA-A4C2-9BAAA8C0B482}.Release|x64.Build.0 = Release|x64
		{3A46155D-C19E-47AA-A4C2-9BAAA8C0B482}.Release|x86.ActiveCfg = Release|x86
		{3A46155D-C19E-47AA-A4C2-9BAAA8C0B482}.Release|x86.Build.0 = Release|x86
		{43E37746-C71E-437B-B50A-6B9B369C92DA}.Debug|Any CPU.ActiveCfg = Debug|Win32
		{43E37746-C71E-437B-B50A-6B9B369C92DA}.Debug|Any CPU.Build.0 = Debug|Win32
		{43E37746-C71E-437B-B50A-6B9B369C92DA}.Debug|Mixed Platforms.ActiveCfg = Debug|Win32
		{43E37746-C71E-437B-B50A-6B9B369C92DA}.Debug|Mixed Platforms.Build.0 = Debug|Win32
		{43E37746-C71E-437B-B50A-6B9B369C92DA}.Debug|Win32.ActiveCfg = Debug|Win32
		{43E37746-C71E-437B-B50A-6B9B369C92DA}.Debug|Win32.Build.0 = Debug|Win32
		{43E37746-C71E-437B-B50A-6B9B369C92DA}.Debug|x64.ActiveCfg = Debug|x64
		{43E37746-C71E-437B-B50A-6B9B369C92DA}.Debug|x64.Build.0 = Debug|x64
		{43E37746-C71E-437B-B50A-6B9B369C92DA}.Debug|x86.ActiveCfg = Debug|Win32
		{43E37746-C71E-437B-B50A-6B9B369C92DA}.Debug|x86.Build.0 = Debug|Win32
		{43E37746-C71E-437B-B50A-6B9B369C92DA}.Release|Any CPU.ActiveCfg = Release|Win32
		{43E37746-C71E-437B-B50A-6B9B369C92DA}.Release|Any CPU.Build.0 = Release|Win32
		{43E37746-C71E-437B-B50A-6B9B369C92DA}.Release|Mixed Platforms.ActiveCfg = Release|Win32
		{43E37746-C71E-437B-B50A-6B9B369C92DA}.Release|Mixed Platforms.Build.0 = Release|Win32
		{43E37746-C71E-437B-B50A-6B9B369C92DA}.Release|Win32.ActiveCfg = Release|Win32
		{43E37746-C71E-437B-B50A-6B9B369C92DA}.Release|Win32.Build.0 = Release|Win32
		{43E37746-C71E-437B-B50A-6B9B369C92DA}.Release|x64.ActiveCfg = Release|x64
		{43E37746-C71E-437B-B50A-6B9B369C92DA}.Release|x64.Build.0 = Release|x64
		{43E37746-C71E-437B-B50A-6B9B369C92DA}.Release|x86.ActiveCfg = Release|Win32
		{43E37746-C71E-437B-B50A-6B9B369C92DA}.Release|x86.Build.0 = Release|Win32
		{28D530A8-E673-444D-8FFA-98CBC71CA7C0}.Debug|Any CPU.ActiveCfg = Debug|Win32
		{28D530A8-E673-444D-8FFA-98CBC71CA7C0}.Debug|Mixed Platforms.ActiveCfg = Debug|Win32
		{28D530A8-E673-444D-8FFA-98CBC71CA7C0}.Debug|Win32.ActiveCfg = Debug|Win32
		{28D530A8-E673-444D-8FFA-98CBC71CA7C0}.Debug|Win32.Build.0 = Debug|Win32
		{28D530A8-E673-444D-8FFA-98CBC71CA7C0}.Debug|x64.ActiveCfg = Debug|x64
		{28D530A8-E673-444D-8FFA-98CBC71CA7C0}.Debug|x86.ActiveCfg = Debug|Win32
		{28D530A8-E673-444D-8FFA-98CBC71CA7C0}.Release|Any CPU.ActiveCfg = Release|Win32
		{28D530A8-E673-444D-8FFA-98CBC71CA7C0}.Release|Mixed Platforms.ActiveCfg = Release|Win32
		{28D530A8-E673-444D-8FFA-98CBC71CA7C0}.Release|Win32.ActiveCfg = Release|Win32
		{28D530A8-E673-444D-8FFA-98CBC71CA7C0}.Release|Win32.Build.0 = Release|Win32
		{28D530A8-E673-444D-8FFA-98CBC71CA7C0}.Release|x64.ActiveCfg = Release|x64
		{28D530A8-E673-444D-8FFA-98CBC71CA7C0}.Release|x86.ActiveCfg = Release|Win32
		{3ED1DDD5-B044-449D-8F11-3193776C646F}.Debug|Any CPU.ActiveCfg = Debug|Win32
		{3ED1DDD5-B044-449D-8F11-3193776C646F}.Debug|Any CPU.Build.0 = Debug|Win32
		{3ED1DDD5-B044-449D-8F11-3193776C646F}.Debug|Mixed Platforms.ActiveCfg = Debug|Win32
		{3ED1DDD5-B044-449D-8F11-3193776C646F}.Debug|Mixed Platforms.Build.0 = Debug|Win32
		{3ED1DDD5-B044-449D-8F11-3193776C646F}.Debug|Win32.ActiveCfg = Debug|Win32
		{3ED1DDD5-B044-449D-8F11-3193776C646F}.Debug|Win32.Build.0 = Debug|Win32
		{3ED1DDD5-B044-449D-8F11-3193776C646F}.Debug|x64.ActiveCfg = Debug|x64
		{3ED1DDD5-B044-449D-8F11-3193776C646F}.Debug|x64.Build.0 = Debug|x64
		{3ED1DDD5-B044-449D-8F11-3193776C646F}.Debug|x86.ActiveCfg = Debug|Win32
		{3ED1DDD5-B044-449D-8F11-3193776C646F}.Debug|x86.Build.0 = Debug|Win32
		{3ED1DDD5-B044-449D-8F11-3193776C646F}.Release|Any CPU.ActiveCfg = Release|Win32
		{3ED1DDD5-B044-449D-8F11-3193776C646F}.Release|Any CPU.Build.0 = Release|Win32
		{3ED1DDD5-B044-449D-8F11-3193776C646F}.Release|Mixed Platforms.ActiveCfg = Release|Win32
		{3ED1DDD5-B044-449D-8F11-3193776C646F}.Release|Mixed Platforms.Build.0 = Release|Win32
		{3ED1DDD5-B044-449D-8F11-3193776C646F}.Release|Win32.ActiveCfg = Release|Win32
		{3ED1DDD5-B044-449D-8F11-3193776C646F}.Release|Win32.Build.0 = Release|Win32
		{3ED1DDD5-B044-449D-8F11-3193776C646F}.Release|x64.ActiveCfg = Release|x64
		{3ED1DDD5-B044-449D-8F11-3193776C646F}.Release|x64.Build.0 = Release|x64
		{3ED1DDD5-B044-449D-8F11-3193776C646F}.Release|x86.ActiveCfg = Release|Win32
		{3ED1DDD5-B044-449D-8F11-3193776C646F}.Release|x86.Build.0 = Release|Win32
		{B1D6A697-A108-417F-B834-66BAAB516EC3}.Debug|Any CPU.ActiveCfg = Debug|Any CPU
		{B1D6A697-A108-417F-B834-66BAAB516EC3}.Debug|Any CPU.Build.0 = Debug|Any CPU
		{B1D6A697-A108-417F-B834-66BAAB516EC3}.Debug|Mixed Platforms.ActiveCfg = Debug|x86
		{B1D6A697-A108-417F-B834-66BAAB516EC3}.Debug|Mixed Platforms.Build.0 = Debug|x86
		{B1D6A697-A108-417F-B834-66BAAB516EC3}.Debug|Win32.ActiveCfg = Debug|x86
		{B1D6A697-A108-417F-B834-66BAAB516EC3}.Debug|Win32.Build.0 = Debug|x86
		{B1D6A697-A108-417F-B834-66BAAB516EC3}.Debug|x64.ActiveCfg = Debug|x64
		{B1D6A697-A108-417F-B834-66BAAB516EC3}.Debug|x64.Build.0 = Debug|x64
		{B1D6A697-A108-417F-B834-66BAAB516EC3}.Debug|x86.ActiveCfg = Debug|x86
		{B1D6A697-A108-417F-B834-66BAAB516EC3}.Debug|x86.Build.0 = Debug|x86
		{B1D6A697-A108-417F-B834-66BAAB516EC3}.Release|Any CPU.ActiveCfg = Release|Any CPU
		{B1D6A697-A108-417F-B834-66BAAB516EC3}.Release|Any CPU.Build.0 = Release|Any CPU
		{B1D6A697-A108-417F-B834-66BAAB516EC3}.Release|Mixed Platforms.ActiveCfg = Release|x86
		{B1D6A697-A108-417F-B834-66BAAB516EC3}.Release|Mixed Platforms.Build.0 = Release|x86
		{B1D6A697-A108-417F-B834-66BAAB516EC3}.Release|Win32.ActiveCfg = Release|x86
		{B1D6A697-A108-417F-B834-66BAAB516EC3}.Release|Win32.Build.0 = Release|x86
		{B1D6A697-A108-417F-B834-66BAAB516EC3}.Release|x64.ActiveCfg = Release|x64
		{B1D6A697-A108-417F-B834-66BAAB516EC3}.Release|x64.Build.0 = Release|x64
		{B1D6A697-A108-417F-B834-66BAAB516EC3}.Release|x86.ActiveCfg = Release|x86
		{B1D6A697-A108-417F-B834-66BAAB516EC3}.Release|x86.Build.0 = Release|x86
		{3A699ABD-B06F-4885-8973-D280C9C76DAE}.Debug|Any CPU.ActiveCfg = Debug|Win32
		{3A699ABD-B06F-4885-8973-D280C9C76DAE}.Debug|Any CPU.Build.0 = Debug|Win32
		{3A699ABD-B06F-4885-8973-D280C9C76DAE}.Debug|Mixed Platforms.ActiveCfg = Debug|Win32
		{3A699ABD-B06F-4885-8973-D280C9C76DAE}.Debug|Mixed Platforms.Build.0 = Debug|Win32
		{3A699ABD-B06F-4885-8973-D280C9C76DAE}.Debug|Win32.ActiveCfg = Debug|Win32
		{3A699ABD-B06F-4885-8973-D280C9C76DAE}.Debug|Win32.Build.0 = Debug|Win32
		{3A699ABD-B06F-4885-8973-D280C9C76DAE}.Debug|x64.ActiveCfg = Debug|x64
		{3A699ABD-B06F-4885-8973-D280C9C76DAE}.Debug|x64.Build.0 = Debug|x64
		{3A699ABD-B06F-4885-8973-D280C9C76DAE}.Debug|x86.ActiveCfg = Debug|Win32
		{3A699ABD-B06F-4885-8973-D280C9C76DAE}.Debug|x86.Build.0 = Debug|Win32
		{3A699ABD-B06F-4885-8973-D280C9C76DAE}.Release|Any CPU.ActiveCfg = Release|Win32
		{3A699ABD-B06F-4885-8973-D280C9C76DAE}.Release|Any CPU.Build.0 = Release|Win32
		{3A699ABD-B06F-4885-8973-D280C9C76DAE}.Release|Mixed Platforms.ActiveCfg = Release|Win32
		{3A699ABD-B06F-4885-8973-D280C9C76DAE}.Release|Mixed Platforms.Build.0 = Release|Win32
		{3A699ABD-B06F-4885-8973-D280C9C76DAE}.Release|Win32.ActiveCfg = Release|Win32
		{3A699ABD-B06F-4885-8973-D280C9C76DAE}.Release|Win32.Build.0 = Release|Win32
		{3A699ABD-B06F-4885-8973-D280C9C76DAE}.Release|x64.ActiveCfg = Release|x64
		{3A699ABD-B06F-4885-8973-D280C9C76DAE}.Release|x64.Build.0 = Release|x64
		{3A699ABD-B06F-4885-8973-D280C9C76DAE}.Release|x86.ActiveCfg = Release|Win32
		{3A699ABD-B06F-4885-8973-D280C9C76DAE}.Release|x86.Build.0 = Release|Win32
		{9ED39DB9-7FD9-43E1-A609-112D9D85AD38}.Debug|Any CPU.ActiveCfg = Debug|Win32
		{9ED39DB9-7FD9-43E1-A609-112D9D85AD38}.Debug|Any CPU.Build.0 = Debug|Win32
		{9ED39DB9-7FD9-43E1-A609-112D9D85AD38}.Debug|Mixed Platforms.ActiveCfg = Debug|Win32
		{9ED39DB9-7FD9-43E1-A609-112D9D85AD38}.Debug|Mixed Platforms.Build.0 = Debug|Win32
		{9ED39DB9-7FD9-43E1-A609-112D9D85AD38}.Debug|Win32.ActiveCfg = Debug|Win32
		{9ED39DB9-7FD9-43E1-A609-112D9D85AD38}.Debug|Win32.Build.0 = Debug|Win32
		{9ED39DB9-7FD9-43E1-A609-112D9D85AD38}.Debug|x64.ActiveCfg = Debug|x64
		{9ED39DB9-7FD9-43E1-A609-112D9D85AD38}.Debug|x64.Build.0 = Debug|x64
		{9ED39DB9-7FD9-43E1-A609-112D9D85AD38}.Debug|x86.ActiveCfg = Debug|Win32
		{9ED39DB9-7FD9-43E1-A609-112D9D85AD38}.Debug|x86.Build.0 = Debug|Win32
		{9ED39DB9-7FD9-43E1-A609-112D9D85AD38}.Release|Any CPU.ActiveCfg = Release|Win32
		{9ED39DB9-7FD9-43E1-A609-112D9D85AD38}.Release|Any CPU.Build.0 = Release|Win32
		{9ED39DB9-7FD9-43E1-A609-112D9D85AD38}.Release|Mixed Platforms.ActiveCfg = Release|Win32
		{9ED39DB9-7FD9-43E1-A609-112D9D85AD38}.Release|Mixed Platforms.Build.0 = Release|Win32
		{9ED39DB9-7FD9-43E1-A609-112D9D85AD38}.Release|Win32.ActiveCfg = Release|Win32
		{9ED39DB9-7FD9-43E1-A609-112D9D85AD38}.Release|Win32.Build.0 = Release|Win32
		{9ED39DB9-7FD9-43E1-A609-112D9D85AD38}.Release|x64.ActiveCfg = Release|x64
		{9ED39DB9-7FD9-43E1-A609-112D9D85AD38}.Release|x64.Build.0 = Release|x64
		{9ED39DB9-7FD9-43E1-A609-112D9D85AD38}.Release|x86.ActiveCfg = Release|Win32
		{9ED39DB9-7FD9-43E1-A609-112D9D85AD38}.Release|x86.Build.0 = Release|Win32
		{B120CA46-83C8-48DA-820A-CD14F2211F1A}.Debug|Any CPU.ActiveCfg = Debug|Any CPU
		{B120CA46-83C8-48DA-820A-CD14F2211F1A}.Debug|Any CPU.Build.0 = Debug|Any CPU
		{B120CA46-83C8-48DA-820A-CD14F2211F1A}.Debug|Mixed Platforms.ActiveCfg = Debug|x86
		{B120CA46-83C8-48DA-820A-CD14F2211F1A}.Debug|Mixed Platforms.Build.0 = Debug|x86
		{B120CA46-83C8-48DA-820A-CD14F2211F1A}.Debug|Win32.ActiveCfg = Debug|x86
		{B120CA46-83C8-48DA-820A-CD14F2211F1A}.Debug|Win32.Build.0 = Debug|x86
		{B120CA46-83C8-48DA-820A-CD14F2211F1A}.Debug|x64.ActiveCfg = Debug|x64
		{B120CA46-83C8-48DA-820A-CD14F2211F1A}.Debug|x64.Build.0 = Debug|x64
		{B120CA46-83C8-48DA-820A-CD14F2211F1A}.Debug|x86.ActiveCfg = Debug|x86
		{B120CA46-83C8-48DA-820A-CD14F2211F1A}.Debug|x86.Build.0 = Debug|x86
		{B120CA46-83C8-48DA-820A-CD14F2211F1A}.Release|Any CPU.ActiveCfg = Release|Any CPU
		{B120CA46-83C8-48DA-820A-CD14F2211F1A}.Release|Any CPU.Build.0 = Release|Any CPU
		{B120CA46-83C8-48DA-820A-CD14F2211F1A}.Release|Mixed Platforms.ActiveCfg = Release|x86
		{B120CA46-83C8-48DA-820A-CD14F2211F1A}.Release|Mixed Platforms.Build.0 = Release|x86
		{B120CA46-83C8-48DA-820A-CD14F2211F1A}.Release|Win32.ActiveCfg = Release|x86
		{B120CA46-83C8-48DA-820A-CD14F2211F1A}.Release|Win32.Build.0 = Release|x86
		{B120CA46-83C8-48DA-820A-CD14F2211F1A}.Release|x64.ActiveCfg = Release|x64
		{B120CA46-83C8-48DA-820A-CD14F2211F1A}.Release|x64.Build.0 = Release|x64
		{B120CA46-83C8-48DA-820A-CD14F2211F1A}.Release|x86.ActiveCfg = Release|x86
		{B120CA46-83C8-48DA-820A-CD14F2211F1A}.Release|x86.Build.0 = Release|x86
		{0B31E029-774C-4AC6-9215-649B142D2C1D}.Debug|Any CPU.ActiveCfg = Debug|Win32
		{0B31E029-774C-4AC6-9215-649B142D2C1D}.Debug|Mixed Platforms.ActiveCfg = Debug|Win32
		{0B31E029-774C-4AC6-9215-649B142D2C1D}.Debug|Mixed Platforms.Build.0 = Debug|Win32
		{0B31E029-774C-4AC6-9215-649B142D2C1D}.Debug|Win32.ActiveCfg = Debug|Win32
		{0B31E029-774C-4AC6-9215-649B142D2C1D}.Debug|Win32.Build.0 = Debug|Win32
		{0B31E029-774C-4AC6-9215-649B142D2C1D}.Debug|x64.ActiveCfg = Debug|x64
		{0B31E029-774C-4AC6-9215-649B142D2C1D}.Debug|x64.Build.0 = Debug|x64
		{0B31E029-774C-4AC6-9215-649B142D2C1D}.Debug|x86.ActiveCfg = Debug|Win32
		{0B31E029-774C-4AC6-9215-649B142D2C1D}.Debug|x86.Build.0 = Debug|Win32
		{0B31E029-774C-4AC6-9215-649B142D2C1D}.Release|Any CPU.ActiveCfg = Release|Win32
		{0B31E029-774C-4AC6-9215-649B142D2C1D}.Release|Mixed Platforms.ActiveCfg = Release|Win32
		{0B31E029-774C-4AC6-9215-649B142D2C1D}.Release|Mixed Platforms.Build.0 = Release|Win32
		{0B31E029-774C-4AC6-9215-649B142D2C1D}.Release|Win32.ActiveCfg = Release|Win32
		{0B31E029-774C-4AC6-9215-649B142D2C1D}.Release|Win32.Build.0 = Release|Win32
		{0B31E029-774C-4AC6-9215-649B142D2C1D}.Release|x64.ActiveCfg = Release|x64
		{0B31E029-774C-4AC6-9215-649B142D2C1D}.Release|x64.Build.0 = Release|x64
		{0B31E029-774C-4AC6-9215-649B142D2C1D}.Release|x86.ActiveCfg = Release|Win32
		{0B31E029-774C-4AC6-9215-649B142D2C1D}.Release|x86.Build.0 = Release|Win32
		{F03ABAB1-B87F-418E-A657-34D141EA8F70}.Debug|Any CPU.ActiveCfg = Debug|Win32
		{F03ABAB1-B87F-418E-A657-34D141EA8F70}.Debug|Mixed Platforms.ActiveCfg = Debug|Win32
		{F03ABAB1-B87F-418E-A657-34D141EA8F70}.Debug|Mixed Platforms.Build.0 = Debug|Win32
		{F03ABAB1-B87F-418E-A657-34D141EA8F70}.Debug|Win32.ActiveCfg = Debug|Win32
		{F03ABAB1-B87F-418E-A657-34D141EA8F70}.Debug|Win32.Build.0 = Debug|Win32
		{F03ABAB1-B87F-418E-A657-34D141EA8F70}.Debug|x64.ActiveCfg = Debug|x64
		{F03ABAB1-B87F-418E-A657-34D141EA8F70}.Debug|x86.ActiveCfg = Debug|Win32
		{F03ABAB1-B87F-418E-A657-34D141EA8F70}.Release|Any CPU.ActiveCfg = Release|Win32
		{F03ABAB1-B87F-418E-A657-34D141EA8F70}.Release|Mixed Platforms.ActiveCfg = Release|Win32
		{F03ABAB1-B87F-418E-A657-34D141EA8F70}.Release|Mixed Platforms.Build.0 = Release|Win32
		{F03ABAB1-B87F-418E-A657-34D141EA8F70}.Release|Win32.ActiveCfg = Release|Win32
		{F03ABAB1-B87F-418E-A657-34D141EA8F70}.Release|Win32.Build.0 = Release|Win32
		{F03ABAB1-B87F-418E-A657-34D141EA8F70}.Release|x64.ActiveCfg = Release|x64
		{F03ABAB1-B87F-418E-A657-34D141EA8F70}.Release|x86.ActiveCfg = Release|Win32
		{519C97A2-8851-4DC8-9312-A4CD7B4EFD85}.Debug|Any CPU.ActiveCfg = Debug|Any CPU
		{519C97A2-8851-4DC8-9312-A4CD7B4EFD85}.Debug|Any CPU.Build.0 = Debug|Any CPU
		{519C97A2-8851-4DC8-9312-A4CD7B4EFD85}.Debug|Mixed Platforms.ActiveCfg = Debug|x86
		{519C97A2-8851-4DC8-9312-A4CD7B4EFD85}.Debug|Mixed Platforms.Build.0 = Debug|x86
		{519C97A2-8851-4DC8-9312-A4CD7B4EFD85}.Debug|Win32.ActiveCfg = Debug|x86
		{519C97A2-8851-4DC8-9312-A4CD7B4EFD85}.Debug|Win32.Build.0 = Debug|x86
		{519C97A2-8851-4DC8-9312-A4CD7B4EFD85}.Debug|x64.ActiveCfg = Debug|x64
		{519C97A2-8851-4DC8-9312-A4CD7B4EFD85}.Debug|x86.ActiveCfg = Debug|x86
		{519C97A2-8851-4DC8-9312-A4CD7B4EFD85}.Release|Any CPU.ActiveCfg = Release|Any CPU
		{519C97A2-8851-4DC8-9312-A4CD7B4EFD85}.Release|Any CPU.Build.0 = Release|Any CPU
		{519C97A2-8851-4DC8-9312-A4CD7B4EFD85}.Release|Mixed Platforms.ActiveCfg = Release|x86
		{519C97A2-8851-4DC8-9312-A4CD7B4EFD85}.Release|Mixed Platforms.Build.0 = Release|x86
		{519C97A2-8851-4DC8-9312-A4CD7B4EFD85}.Release|Win32.ActiveCfg = Release|x86
		{519C97A2-8851-4DC8-9312-A4CD7B4EFD85}.Release|Win32.Build.0 = Release|x86
		{519C97A2-8851-4DC8-9312-A4CD7B4EFD85}.Release|x64.ActiveCfg = Release|x64
		{519C97A2-8851-4DC8-9312-A4CD7B4EFD85}.Release|x86.ActiveCfg = Release|x86
		{B8A704FA-F3F7-43DF-A2A0-CD97F04E27AA}.Debug|Any CPU.ActiveCfg = Debug|Win32
		{B8A704FA-F3F7-43DF-A2A0-CD97F04E27AA}.Debug|Mixed Platforms.ActiveCfg = Debug|Win32
		{B8A704FA-F3F7-43DF-A2A0-CD97F04E27AA}.Debug|Mixed Platforms.Build.0 = Debug|Win32
		{B8A704FA-F3F7-43DF-A2A0-CD97F04E27AA}.Debug|Win32.ActiveCfg = Debug|Win32
		{B8A704FA-F3F7-43DF-A2A0-CD97F04E27AA}.Debug|Win32.Build.0 = Debug|Win32
		{B8A704FA-F3F7-43DF-A2A0-CD97F04E27AA}.Debug|x64.ActiveCfg = Debug|x64
		{B8A704FA-F3F7-43DF-A2A0-CD97F04E27AA}.Debug|x64.Build.0 = Debug|x64
		{B8A704FA-F3F7-43DF-A2A0-CD97F04E27AA}.Debug|x86.ActiveCfg = Debug|Win32
		{B8A704FA-F3F7-43DF-A2A0-CD97F04E27AA}.Debug|x86.Build.0 = Debug|Win32
		{B8A704FA-F3F7-43DF-A2A0-CD97F04E27AA}.Release|Any CPU.ActiveCfg = Release|Win32
		{B8A704FA-F3F7-43DF-A2A0-CD97F04E27AA}.Release|Mixed Platforms.ActiveCfg = Release|Win32
		{B8A704FA-F3F7-43DF-A2A0-CD97F04E27AA}.Release|Mixed Platforms.Build.0 = Release|Win32
		{B8A704FA-F3F7-43DF-A2A0-CD97F04E27AA}.Release|Win32.ActiveCfg = Release|Win32
		{B8A704FA-F3F7-43DF-A2A0-CD97F04E27AA}.Release|Win32.Build.0 = Release|Win32
		{B8A704FA-F3F7-43DF-A2A0-CD97F04E27AA}.Release|x64.ActiveCfg = Release|x64
		{B8A704FA-F3F7-43DF-A2A0-CD97F04E27AA}.Release|x64.Build.0 = Release|x64
		{B8A704FA-F3F7-43DF-A2A0-CD97F04E27AA}.Release|x86.ActiveCfg = Release|Win32
		{B8A704FA-F3F7-43DF-A2A0-CD97F04E27AA}.Release|x86.Build.0 = Release|Win32
		{D4FC0F11-21A7-46FC-9EB0-7FCE82E03468}.Debug|Any CPU.ActiveCfg = Debug|Win32
		{D4FC0F11-21A7-46FC-9EB0-7FCE82E03468}.Debug|Mixed Platforms.ActiveCfg = Debug|Win32
		{D4FC0F11-21A7-46FC-9EB0-7FCE82E03468}.Debug|Mixed Platforms.Build.0 = Debug|Win32
		{D4FC0F11-21A7-46FC-9EB0-7FCE82E03468}.Debug|Win32.ActiveCfg = Debug|Win32
		{D4FC0F11-21A7-46FC-9EB0-7FCE82E03468}.Debug|Win32.Build.0 = Debug|Win32
		{D4FC0F11-21A7-46FC-9EB0-7FCE82E03468}.Debug|x64.ActiveCfg = Debug|x64
		{D4FC0F11-21A7-46FC-9EB0-7FCE82E03468}.Debug|x64.Build.0 = Debug|x64
		{D4FC0F11-21A7-46FC-9EB0-7FCE82E03468}.Debug|x86.ActiveCfg = Debug|Win32
		{D4FC0F11-21A7-46FC-9EB0-7FCE82E03468}.Debug|x86.Build.0 = Debug|Win32
		{D4FC0F11-21A7-46FC-9EB0-7FCE82E03468}.Release|Any CPU.ActiveCfg = Release|Win32
		{D4FC0F11-21A7-46FC-9EB0-7FCE82E03468}.Release|Mixed Platforms.ActiveCfg = Release|Win32
		{D4FC0F11-21A7-46FC-9EB0-7FCE82E03468}.Release|Mixed Platforms.Build.0 = Release|Win32
		{D4FC0F11-21A7-46FC-9EB0-7FCE82E03468}.Release|Win32.ActiveCfg = Release|Win32
		{D4FC0F11-21A7-46FC-9EB0-7FCE82E03468}.Release|Win32.Build.0 = Release|Win32
		{D4FC0F11-21A7-46FC-9EB0-7FCE82E03468}.Release|x64.ActiveCfg = Release|x64
		{D4FC0F11-21A7-46FC-9EB0-7FCE82E03468}.Release|x64.Build.0 = Release|x64
		{D4FC0F11-21A7-46FC-9EB0-7FCE82E03468}.Release|x86.ActiveCfg = Release|Win32
		{D4FC0F11-21A7-46FC-9EB0-7FCE82E03468}.Release|x86.Build.0 = Release|Win32
		{02716DE7-2C08-43A2-A968-937716F25A30}.Debug|Any CPU.ActiveCfg = Debug|x86
		{02716DE7-2C08-43A2-A968-937716F25A30}.Debug|Mixed Platforms.ActiveCfg = Debug|x86
		{02716DE7-2C08-43A2-A968-937716F25A30}.Debug|Mixed Platforms.Build.0 = Debug|x86
		{02716DE7-2C08-43A2-A968-937716F25A30}.Debug|Win32.ActiveCfg = Debug|x86
		{02716DE7-2C08-43A2-A968-937716F25A30}.Debug|Win32.Build.0 = Debug|x86
		{02716DE7-2C08-43A2-A968-937716F25A30}.Debug|x64.ActiveCfg = Debug|x64
		{02716DE7-2C08-43A2-A968-937716F25A30}.Debug|x64.Build.0 = Debug|x64
		{02716DE7-2C08-43A2-A968-937716F25A30}.Debug|x86.ActiveCfg = Debug|x86
		{02716DE7-2C08-43A2-A968-937716F25A30}.Debug|x86.Build.0 = Debug|x86
		{02716DE7-2C08-43A2-A968-937716F25A30}.Release|Any CPU.ActiveCfg = Release|x86
		{02716DE7-2C08-43A2-A968-937716F25A30}.Release|Mixed Platforms.ActiveCfg = Release|x86
		{02716DE7-2C08-43A2-A968-937716F25A30}.Release|Mixed Platforms.Build.0 = Release|x86
		{02716DE7-2C08-43A2-A968-937716F25A30}.Release|Win32.ActiveCfg = Release|x86
		{02716DE7-2C08-43A2-A968-937716F25A30}.Release|Win32.Build.0 = Release|x86
		{02716DE7-2C08-43A2-A968-937716F25A30}.Release|x64.ActiveCfg = Release|x64
		{02716DE7-2C08-43A2-A968-937716F25A30}.Release|x64.Build.0 = Release|x64
		{02716DE7-2C08-43A2-A968-937716F25A30}.Release|x86.ActiveCfg = Release|x86
		{02716DE7-2C08-43A2-A968-937716F25A30}.Release|x86.Build.0 = Release|x86
		{70B1F422-B6C6-49B7-AF31-95EA8B226379}.Debug|Any CPU.ActiveCfg = Debug|Win32
		{70B1F422-B6C6-49B7-AF31-95EA8B226379}.Debug|Mixed Platforms.ActiveCfg = Debug|Win32
		{70B1F422-B6C6-49B7-AF31-95EA8B226379}.Debug|Mixed Platforms.Build.0 = Debug|Win32
		{70B1F422-B6C6-49B7-AF31-95EA8B226379}.Debug|Win32.ActiveCfg = Debug|Win32
		{70B1F422-B6C6-49B7-AF31-95EA8B226379}.Debug|Win32.Build.0 = Debug|Win32
		{70B1F422-B6C6-49B7-AF31-95EA8B226379}.Debug|x64.ActiveCfg = Debug|x64
		{70B1F422-B6C6-49B7-AF31-95EA8B226379}.Debug|x64.Build.0 = Debug|x64
		{70B1F422-B6C6-49B7-AF31-95EA8B226379}.Debug|x86.ActiveCfg = Debug|Win32
		{70B1F422-B6C6-49B7-AF31-95EA8B226379}.Debug|x86.Build.0 = Debug|Win32
		{70B1F422-B6C6-49B7-AF31-95EA8B226379}.Release|Any CPU.ActiveCfg = Release|Win32
		{70B1F422-B6C6-49B7-AF31-95EA8B226379}.Release|Mixed Platforms.ActiveCfg = Release|Win32
		{70B1F422-B6C6-49B7-AF31-95EA8B226379}.Release|Mixed Platforms.Build.0 = Release|Win32
		{70B1F422-B6C6-49B7-AF31-95EA8B226379}.Release|Win32.ActiveCfg = Release|Win32
		{70B1F422-B6C6-49B7-AF31-95EA8B226379}.Release|Win32.Build.0 = Release|Win32
		{70B1F422-B6C6-49B7-AF31-95EA8B226379}.Release|x64.ActiveCfg = Release|x64
		{70B1F422-B6C6-49B7-AF31-95EA8B226379}.Release|x64.Build.0 = Release|x64
		{70B1F422-B6C6-49B7-AF31-95EA8B226379}.Release|x86.ActiveCfg = Release|Win32
		{70B1F422-B6C6-49B7-AF31-95EA8B226379}.Release|x86.Build.0 = Release|Win32
		{F76D934E-2B10-40FA-9F9E-C82FAE93D7C9}.Debug|Any CPU.ActiveCfg = Debug|x86
		{F76D934E-2B10-40FA-9F9E-C82FAE93D7C9}.Debug|Mixed Platforms.ActiveCfg = Debug|x86
		{F76D934E-2B10-40FA-9F9E-C82FAE93D7C9}.Debug|Mixed Platforms.Build.0 = Debug|x86
		{F76D934E-2B10-40FA-9F9E-C82FAE93D7C9}.Debug|Win32.ActiveCfg = Debug|x86
		{F76D934E-2B10-40FA-9F9E-C82FAE93D7C9}.Debug|Win32.Build.0 = Debug|x86
		{F76D934E-2B10-40FA-9F9E-C82FAE93D7C9}.Debug|x64.ActiveCfg = Debug|x64
		{F76D934E-2B10-40FA-9F9E-C82FAE93D7C9}.Debug|x64.Build.0 = Debug|x64
		{F76D934E-2B10-40FA-9F9E-C82FAE93D7C9}.Debug|x86.ActiveCfg = Debug|x86
		{F76D934E-2B10-40FA-9F9E-C82FAE93D7C9}.Debug|x86.Build.0 = Debug|x86
		{F76D934E-2B10-40FA-9F9E-C82FAE93D7C9}.Release|Any CPU.ActiveCfg = Release|x86
		{F76D934E-2B10-40FA-9F9E-C82FAE93D7C9}.Release|Mixed Platforms.ActiveCfg = Release|x86
		{F76D934E-2B10-40FA-9F9E-C82FAE93D7C9}.Release|Mixed Platforms.Build.0 = Release|x86
		{F76D934E-2B10-40FA-9F9E-C82FAE93D7C9}.Release|Win32.ActiveCfg = Release|x86
		{F76D934E-2B10-40FA-9F9E-C82FAE93D7C9}.Release|Win32.Build.0 = Release|x86
		{F76D934E-2B10-40FA-9F9E-C82FAE93D7C9}.Release|x64.ActiveCfg = Release|x64
		{F76D934E-2B10-40FA-9F9E-C82FAE93D7C9}.Release|x64.Build.0 = Release|x64
		{F76D934E-2B10-40FA-9F9E-C82FAE93D7C9}.Release|x86.ActiveCfg = Release|x86
		{F76D934E-2B10-40FA-9F9E-C82FAE93D7C9}.Release|x86.Build.0 = Release|x86
		{3CC5A633-D7DC-4C8A-BE20-37CBDE509570}.Debug|Any CPU.ActiveCfg = Debug|Any CPU
		{3CC5A633-D7DC-4C8A-BE20-37CBDE509570}.Debug|Any CPU.Build.0 = Debug|Any CPU
		{3CC5A633-D7DC-4C8A-BE20-37CBDE509570}.Debug|Mixed Platforms.ActiveCfg = Debug|x86
		{3CC5A633-D7DC-4C8A-BE20-37CBDE509570}.Debug|Mixed Platforms.Build.0 = Debug|x86
		{3CC5A633-D7DC-4C8A-BE20-37CBDE509570}.Debug|Win32.ActiveCfg = Debug|x86
		{3CC5A633-D7DC-4C8A-BE20-37CBDE509570}.Debug|Win32.Build.0 = Debug|x86
		{3CC5A633-D7DC-4C8A-BE20-37CBDE509570}.Debug|x64.ActiveCfg = Debug|x64
		{3CC5A633-D7DC-4C8A-BE20-37CBDE509570}.Debug|x64.Build.0 = Debug|x64
		{3CC5A633-D7DC-4C8A-BE20-37CBDE509570}.Debug|x86.ActiveCfg = Debug|x86
		{3CC5A633-D7DC-4C8A-BE20-37CBDE509570}.Debug|x86.Build.0 = Debug|x86
		{3CC5A633-D7DC-4C8A-BE20-37CBDE509570}.Release|Any CPU.ActiveCfg = Release|Any CPU
		{3CC5A633-D7DC-4C8A-BE20-37CBDE509570}.Release|Any CPU.Build.0 = Release|Any CPU
		{3CC5A633-D7DC-4C8A-BE20-37CBDE509570}.Release|Mixed Platforms.ActiveCfg = Release|x86
		{3CC5A633-D7DC-4C8A-BE20-37CBDE509570}.Release|Mixed Platforms.Build.0 = Release|x86
		{3CC5A633-D7DC-4C8A-BE20-37CBDE509570}.Release|Win32.ActiveCfg = Release|x86
		{3CC5A633-D7DC-4C8A-BE20-37CBDE509570}.Release|Win32.Build.0 = Release|x86
		{3CC5A633-D7DC-4C8A-BE20-37CBDE509570}.Release|x64.ActiveCfg = Release|x64
		{3CC5A633-D7DC-4C8A-BE20-37CBDE509570}.Release|x64.Build.0 = Release|x64
		{3CC5A633-D7DC-4C8A-BE20-37CBDE509570}.Release|x86.ActiveCfg = Release|x86
		{3CC5A633-D7DC-4C8A-BE20-37CBDE509570}.Release|x86.Build.0 = Release|x86
	EndGlobalSection
	GlobalSection(SolutionProperties) = preSolution
		HideSolutionNode = FALSE
	EndGlobalSection
EndGlobal
