// !$*UTF8*$!
{
	archiveVersion = 1;
	classes = {
	};
	objectVersion = 46;
	objects = {

/* Begin PBXBuildFile section */
		7E2220681B51740F003E2D9C /* Environs.Native.h in Headers */ = {isa = PBXBuildFile; fileRef = 7E2220671B51740F003E2D9C /* Environs.Native.h */; };
		7E5194721B20EC5B00F5BF38 /* Encoder.OpenH264.cpp in Sources */ = {isa = PBXBuildFile; fileRef = 7E5194701B20EC5B00F5BF38 /* Encoder.OpenH264.cpp */; };
		7E5194731B20EC5B00F5BF38 /* Encoder.OpenH264.h in Headers */ = {isa = PBXBuildFile; fileRef = 7E5194711B20EC5B00F5BF38 /* Encoder.OpenH264.h */; };
		7E5194751B20EC7500F5BF38 /* Render.Context.h in Headers */ = {isa = PBXBuildFile; fileRef = 7E5194741B20EC7500F5BF38 /* Render.Context.h */; };
		7E51947C1B20EC8F00F5BF38 /* IEnvirons.Base.h in Headers */ = {isa = PBXBuildFile; fileRef = 7E5194761B20EC8F00F5BF38 /* IEnvirons.Base.h */; };
		7E51947D1B20EC8F00F5BF38 /* IEnvirons.Ident.h in Headers */ = {isa = PBXBuildFile; fileRef = 7E5194771B20EC8F00F5BF38 /* IEnvirons.Ident.h */; };
		7E51947E1B20EC8F00F5BF38 /* IPortal.Encoder.cpp in Sources */ = {isa = PBXBuildFile; fileRef = 7E5194781B20EC8F00F5BF38 /* IPortal.Encoder.cpp */; };
		7E51947F1B20EC8F00F5BF38 /* IPortal.Encoder.h in Headers */ = {isa = PBXBuildFile; fileRef = 7E5194791B20EC8F00F5BF38 /* IPortal.Encoder.h */; };
		7E5194831B20EC9800F5BF38 /* Log.h in Headers */ = {isa = PBXBuildFile; fileRef = 7E5194821B20EC9800F5BF38 /* Log.h */; };
		7E5194881B20ED2700F5BF38 /* dyn.Lib.OpenH264.cpp in Sources */ = {isa = PBXBuildFile; fileRef = 7E5194861B20ED2700F5BF38 /* dyn.Lib.OpenH264.cpp */; };
		7E5194891B20ED2700F5BF38 /* dyn.Lib.OpenH264.h in Headers */ = {isa = PBXBuildFile; fileRef = 7E5194871B20ED2700F5BF38 /* dyn.Lib.OpenH264.h */; };
		7E5194A41B21051400F5BF38 /* Encoder.Base.cpp in Sources */ = {isa = PBXBuildFile; fileRef = 7E5194A21B21051400F5BF38 /* Encoder.Base.cpp */; };
		7E5194A51B21051400F5BF38 /* Encoder.Base.h in Headers */ = {isa = PBXBuildFile; fileRef = 7E5194A31B21051400F5BF38 /* Encoder.Base.h */; };
		7E6335A01BCF1F880025C9D3 /* Threads.h in Headers */ = {isa = PBXBuildFile; fileRef = 7E63359E1BCF1F880025C9D3 /* Threads.h */; };
		7E6335A11BCF1F880025C9D3 /* Threads.cpp in Sources */ = {isa = PBXBuildFile; fileRef = 7E63359F1BCF1F880025C9D3 /* Threads.cpp */; };
/* End PBXBuildFile section */

/* Begin PBXFileReference section */
		7E2220671B51740F003E2D9C /* Environs.Native.h */ = {isa = PBXFileReference; fileEncoding = 4; lastKnownFileType = sourcecode.c.h; name = Environs.Native.h; path = ../../Common/Environs.Native.h; sourceTree = "<group>"; };
		7E5194631B20EB1900F5BF38 /* libEnv-EncOpenH264.dylib */ = {isa = PBXFileReference; explicitFileType = "compiled.mach-o.dylib"; includeInIndex = 0; path = "libEnv-EncOpenH264.dylib"; sourceTree = BUILT_PRODUCTS_DIR; };
		7E5194701B20EC5B00F5BF38 /* Encoder.OpenH264.cpp */ = {isa = PBXFileReference; fileEncoding = 4; lastKnownFileType = sourcecode.cpp.cpp; name = Encoder.OpenH264.cpp; path = ../../3rd/Encoder/Encoder.OpenH264.cpp; sourceTree = "<group>"; };
		7E5194711B20EC5B00F5BF38 /* Encoder.OpenH264.h */ = {isa = PBXFileReference; fileEncoding = 4; lastKnownFileType = sourcecode.c.h; name = Encoder.OpenH264.h; path = ../../3rd/Encoder/Encoder.OpenH264.h; sourceTree = "<group>"; };
		7E5194741B20EC7500F5BF38 /* Render.Context.h */ = {isa = PBXFileReference; fileEncoding = 4; lastKnownFileType = sourcecode.c.h; name = Render.Context.h; path = ../../Common/Render.Context.h; sourceTree = "<group>"; };
		7E5194761B20EC8F00F5BF38 /* IEnvirons.Base.h */ = {isa = PBXFileReference; fileEncoding = 4; lastKnownFileType = sourcecode.c.h; name = IEnvirons.Base.h; path = ../../Common/Interfaces/IEnvirons.Base.h; sourceTree = "<group>"; };
		7E5194771B20EC8F00F5BF38 /* IEnvirons.Ident.h */ = {isa = PBXFileReference; fileEncoding = 4; lastKnownFileType = sourcecode.c.h; name = IEnvirons.Ident.h; path = ../../Common/Interfaces/IEnvirons.Ident.h; sourceTree = "<group>"; };
		7E5194781B20EC8F00F5BF38 /* IPortal.Encoder.cpp */ = {isa = PBXFileReference; fileEncoding = 4; lastKnownFileType = sourcecode.cpp.cpp; name = IPortal.Encoder.cpp; path = ../../Common/Interfaces/IPortal.Encoder.cpp; sourceTree = "<group>"; };
		7E5194791B20EC8F00F5BF38 /* IPortal.Encoder.h */ = {isa = PBXFileReference; fileEncoding = 4; lastKnownFileType = sourcecode.c.h; name = IPortal.Encoder.h; path = ../../Common/Interfaces/IPortal.Encoder.h; sourceTree = "<group>"; };
		7E5194821B20EC9800F5BF38 /* Log.h */ = {isa = PBXFileReference; fileEncoding = 4; lastKnownFileType = sourcecode.c.h; name = Log.h; path = ../../Common/Log.h; sourceTree = "<group>"; };
		7E5194861B20ED2700F5BF38 /* dyn.Lib.OpenH264.cpp */ = {isa = PBXFileReference; fileEncoding = 4; lastKnownFileType = sourcecode.cpp.cpp; name = dyn.Lib.OpenH264.cpp; path = ../../3rd/DynLib/dyn.Lib.OpenH264.cpp; sourceTree = "<group>"; };
		7E5194871B20ED2700F5BF38 /* dyn.Lib.OpenH264.h */ = {isa = PBXFileReference; fileEncoding = 4; lastKnownFileType = sourcecode.c.h; name = dyn.Lib.OpenH264.h; path = ../../3rd/DynLib/dyn.Lib.OpenH264.h; sourceTree = "<group>"; };
		7E5194A21B21051400F5BF38 /* Encoder.Base.cpp */ = {isa = PBXFileReference; fileEncoding = 4; lastKnownFileType = sourcecode.cpp.cpp; name = Encoder.Base.cpp; path = ../../Native/Encoder/Encoder.Base.cpp; sourceTree = "<group>"; };
		7E5194A31B21051400F5BF38 /* Encoder.Base.h */ = {isa = PBXFileReference; fileEncoding = 4; lastKnownFileType = sourcecode.c.h; name = Encoder.Base.h; path = ../../Native/Encoder/Encoder.Base.h; sourceTree = "<group>"; };
		7E63359E1BCF1F880025C9D3 /* Threads.h */ = {isa = PBXFileReference; fileEncoding = 4; lastKnownFileType = sourcecode.c.h; name = Threads.h; path = ../../Common/Interop/Threads.h; sourceTree = "<group>"; };
		7E63359F1BCF1F880025C9D3 /* Threads.cpp */ = {isa = PBXFileReference; fileEncoding = 4; lastKnownFileType = sourcecode.cpp.cpp; name = Threads.cpp; path = ../../Common/Interop/Threads.cpp; sourceTree = "<group>"; };
/* End PBXFileReference section */

/* Begin PBXFrameworksBuildPhase section */
		7E5194601B20EB1900F5BF38 /* Frameworks */ = {
			isa = PBXFrameworksBuildPhase;
			buildActionMask = 2147483647;
			files = (
			);
			runOnlyForDeploymentPostprocessing = 0;
		};
/* End PBXFrameworksBuildPhase section */

/* Begin PBXGroup section */
		7E51945A1B20EB1900F5BF38 = {
			isa = PBXGroup;
			children = (
				7E5194861B20ED2700F5BF38 /* dyn.Lib.OpenH264.cpp */,
				7E5194871B20ED2700F5BF38 /* dyn.Lib.OpenH264.h */,
				7E5194A21B21051400F5BF38 /* Encoder.Base.cpp */,
				7E5194A31B21051400F5BF38 /* Encoder.Base.h */,
				7E5194701B20EC5B00F5BF38 /* Encoder.OpenH264.cpp */,
				7E5194711B20EC5B00F5BF38 /* Encoder.OpenH264.h */,
				7E2220671B51740F003E2D9C /* Environs.Native.h */,
				7E5194761B20EC8F00F5BF38 /* IEnvirons.Base.h */,
				7E5194771B20EC8F00F5BF38 /* IEnvirons.Ident.h */,
				7E5194781B20EC8F00F5BF38 /* IPortal.Encoder.cpp */,
				7E5194791B20EC8F00F5BF38 /* IPortal.Encoder.h */,
				7E5194821B20EC9800F5BF38 /* Log.h */,
				7E5194641B20EB1900F5BF38 /* Products */,
				7E5194741B20EC7500F5BF38 /* Render.Context.h */,
				7E63359F1BCF1F880025C9D3 /* Threads.cpp */,
				7E63359E1BCF1F880025C9D3 /* Threads.h */,
			);
			sourceTree = "<group>";
		};
		7E5194641B20EB1900F5BF38 /* Products */ = {
			isa = PBXGroup;
			children = (
				7E5194631B20EB1900F5BF38 /* libEnv-EncOpenH264.dylib */,
			);
			name = Products;
			sourceTree = "<group>";
		};
/* End PBXGroup section */

/* Begin PBXHeadersBuildPhase section */
		7E5194611B20EB1900F5BF38 /* Headers */ = {
			isa = PBXHeadersBuildPhase;
			buildActionMask = 2147483647;
			files = (
				7E6335A01BCF1F880025C9D3 /* Threads.h in Headers */,
				7E51947F1B20EC8F00F5BF38 /* IPortal.Encoder.h in Headers */,
				7E5194731B20EC5B00F5BF38 /* Encoder.OpenH264.h in Headers */,
				7E5194891B20ED2700F5BF38 /* dyn.Lib.OpenH264.h in Headers */,
				7E5194831B20EC9800F5BF38 /* Log.h in Headers */,
				7E5194751B20EC7500F5BF38 /* Render.Context.h in Headers */,
				7E51947D1B20EC8F00F5BF38 /* IEnvirons.Ident.h in Headers */,
				7E51947C1B20EC8F00F5BF38 /* IEnvirons.Base.h in Headers */,
				7E2220681B51740F003E2D9C /* Environs.Native.h in Headers */,
				7E5194A51B21051400F5BF38 /* Encoder.Base.h in Headers */,
			);
			runOnlyForDeploymentPostprocessing = 0;
		};
/* End PBXHeadersBuildPhase section */

/* Begin PBXNativeTarget section */
		7E5194621B20EB1900F5BF38 /* Env-EncOpenH264 */ = {
			isa = PBXNativeTarget;
			buildConfigurationList = 7E5194671B20EB1900F5BF38 /* Build configuration list for PBXNativeTarget "Env-EncOpenH264" */;
			buildPhases = (
				7E51945F1B20EB1900F5BF38 /* Sources */,
				7E5194601B20EB1900F5BF38 /* Frameworks */,
				7E5194611B20EB1900F5BF38 /* Headers */,
			);
			buildRules = (
			);
			dependencies = (
			);
			name = "Env-EncOpenH264";
			productName = "libEnv-EncOpenH264";
			productReference = 7E5194631B20EB1900F5BF38 /* libEnv-EncOpenH264.dylib */;
			productType = "com.apple.product-type.library.dynamic";
		};
/* End PBXNativeTarget section */

/* Begin PBXProject section */
		7E51945B1B20EB1900F5BF38 /* Project object */ = {
			isa = PBXProject;
			attributes = {
				LastUpgradeCheck = 0700;
				ORGANIZATIONNAME = HCMLab;
				TargetAttributes = {
					7E5194621B20EB1900F5BF38 = {
						CreatedOnToolsVersion = 6.3;
					};
				};
			};
			buildConfigurationList = 7E51945E1B20EB1900F5BF38 /* Build configuration list for PBXProject "Env-EncOpenH264" */;
			compatibilityVersion = "Xcode 3.2";
			developmentRegion = English;
			hasScannedForEncodings = 0;
			knownRegions = (
				en,
			);
			mainGroup = 7E51945A1B20EB1900F5BF38;
			productRefGroup = 7E5194641B20EB1900F5BF38 /* Products */;
			projectDirPath = "";
			projectRoot = "";
			targets = (
				7E5194621B20EB1900F5BF38 /* Env-EncOpenH264 */,
			);
		};
/* End PBXProject section */

/* Begin PBXSourcesBuildPhase section */
		7E51945F1B20EB1900F5BF38 /* Sources */ = {
			isa = PBXSourcesBuildPhase;
			buildActionMask = 2147483647;
			files = (
				7E5194721B20EC5B00F5BF38 /* Encoder.OpenH264.cpp in Sources */,
				7E5194881B20ED2700F5BF38 /* dyn.Lib.OpenH264.cpp in Sources */,
				7E5194A41B21051400F5BF38 /* Encoder.Base.cpp in Sources */,
				7E6335A11BCF1F880025C9D3 /* Threads.cpp in Sources */,
				7E51947E1B20EC8F00F5BF38 /* IPortal.Encoder.cpp in Sources */,
			);
			runOnlyForDeploymentPostprocessing = 0;
		};
/* End PBXSourcesBuildPhase section */

/* Begin XCBuildConfiguration section */
		7E5194651B20EB1900F5BF38 /* Debug */ = {
			isa = XCBuildConfiguration;
			buildSettings = {
				ALWAYS_SEARCH_USER_PATHS = NO;
				CLANG_CXX_LANGUAGE_STANDARD = "gnu++0x";
				CLANG_CXX_LIBRARY = "libc++";
				CLANG_ENABLE_MODULES = YES;
				CLANG_ENABLE_OBJC_ARC = YES;
				CLANG_WARN_BOOL_CONVERSION = YES;
				CLANG_WARN_CONSTANT_CONVERSION = YES;
				CLANG_WARN_DIRECT_OBJC_ISA_USAGE = YES_ERROR;
				CLANG_WARN_EMPTY_BODY = YES;
				CLANG_WARN_ENUM_CONVERSION = YES;
				CLANG_WARN_INT_CONVERSION = YES;
				CLANG_WARN_OBJC_ROOT_CLASS = YES_ERROR;
				CLANG_WARN_UNREACHABLE_CODE = YES;
				CLANG_WARN__DUPLICATE_METHOD_MATCH = YES;
				COPY_PHASE_STRIP = NO;
				DEBUG_INFORMATION_FORMAT = dwarf;
				ENABLE_STRICT_OBJC_MSGSEND = YES;
				ENABLE_TESTABILITY = YES;
				GCC_C_LANGUAGE_STANDARD = gnu99;
				GCC_DYNAMIC_NO_PIC = NO;
				GCC_NO_COMMON_BLOCKS = YES;
				GCC_OPTIMIZATION_LEVEL = 0;
				GCC_PREPROCESSOR_DEFINITIONS = (
					"DEBUG=1",
					"$(inherited)",
				);
				GCC_SYMBOLS_PRIVATE_EXTERN = NO;
				GCC_WARN_64_TO_32_BIT_CONVERSION = YES;
				GCC_WARN_ABOUT_RETURN_TYPE = YES_ERROR;
				GCC_WARN_UNDECLARED_SELECTOR = YES;
				GCC_WARN_UNINITIALIZED_AUTOS = YES_AGGRESSIVE;
				GCC_WARN_UNUSED_FUNCTION = YES;
				GCC_WARN_UNUSED_VARIABLE = YES;
				INSTALL_PATH = "";
				MACOSX_DEPLOYMENT_TARGET = 10.10;
				MTL_ENABLE_DEBUG_INFO = YES;
				ONLY_ACTIVE_ARCH = YES;
				SDKROOT = macosx;
				SYMROOT = $PROJECT_DIR/../../bin64/libs;
			};
			name = Debug;
		};
		7E5194661B20EB1900F5BF38 /* Release */ = {
			isa = XCBuildConfiguration;
			buildSettings = {
				ALWAYS_SEARCH_USER_PATHS = NO;
				CLANG_CXX_LANGUAGE_STANDARD = "gnu++0x";
				CLANG_CXX_LIBRARY = "libc++";
				CLANG_ENABLE_MODULES = YES;
				CLANG_ENABLE_OBJC_ARC = YES;
				CLANG_WARN_BOOL_CONVERSION = YES;
				CLANG_WARN_CONSTANT_CONVERSION = YES;
				CLANG_WARN_DIRECT_OBJC_ISA_USAGE = YES_ERROR;
				CLANG_WARN_EMPTY_BODY = YES;
				CLANG_WARN_ENUM_CONVERSION = YES;
				CLANG_WARN_INT_CONVERSION = YES;
				CLANG_WARN_OBJC_ROOT_CLASS = YES_ERROR;
				CLANG_WARN_UNREACHABLE_CODE = YES;
				CLANG_WARN__DUPLICATE_METHOD_MATCH = YES;
				COPY_PHASE_STRIP = NO;
				DEBUG_INFORMATION_FORMAT = "dwarf-with-dsym";
				ENABLE_NS_ASSERTIONS = NO;
				ENABLE_STRICT_OBJC_MSGSEND = YES;
				GCC_C_LANGUAGE_STANDARD = gnu99;
				GCC_NO_COMMON_BLOCKS = YES;
				GCC_WARN_64_TO_32_BIT_CONVERSION = YES;
				GCC_WARN_ABOUT_RETURN_TYPE = YES_ERROR;
				GCC_WARN_UNDECLARED_SELECTOR = YES;
				GCC_WARN_UNINITIALIZED_AUTOS = YES_AGGRESSIVE;
				GCC_WARN_UNUSED_FUNCTION = YES;
				GCC_WARN_UNUSED_VARIABLE = YES;
				INSTALL_PATH = "";
				MACOSX_DEPLOYMENT_TARGET = 10.10;
				MTL_ENABLE_DEBUG_INFO = NO;
				SDKROOT = macosx;
				SYMROOT = $PROJECT_DIR/../../bin64/libs;
			};
			name = Release;
		};
		7E5194681B20EB1900F5BF38 /* Debug */ = {
			isa = XCBuildConfiguration;
			buildSettings = {
				COMBINE_HIDPI_IMAGES = YES;
				CONFIGURATION_BUILD_DIR = $PROJECT_DIR/../../bin64/libs;
				DEPLOYMENT_LOCATION = NO;
				DEPLOYMENT_POSTPROCESSING = NO;
				DYLIB_COMPATIBILITY_VERSION = 1;
				DYLIB_CURRENT_VERSION = 1;
				EXECUTABLE_PREFIX = lib;
				HEADER_SEARCH_PATHS = (
					"$(inherited)",
					/Applications/Xcode.app/Contents/Developer/Toolchains/XcodeDefault.xctoolchain/usr/include,
					"$(SRCROOT)/../../Common",
					"$(SRCROOT)/../../3rd/inc",
					"$(SRCROOT)/../../3rd",
					"$(SRCROOT)/../../Native",
				);
				INSTALL_PATH = "";
				OTHER_CFLAGS = (
					"-DENVIRONS_OSX",
					"-DENVIRONS_NATIVE_MODULE",
					"-DDISPLAYDEVICE",
					"-DTARGET_OS_MAC",
				);
				PRODUCT_NAME = "Env-EncOpenH264";
				STRIP_INSTALLED_PRODUCT = NO;
				SYMROOT = $PROJECT_DIR/../../bin64/libs;
			};
			name = Debug;
		};
		7E5194691B20EB1900F5BF38 /* Release */ = {
			isa = XCBuildConfiguration;
			buildSettings = {
				COMBINE_HIDPI_IMAGES = YES;
				CONFIGURATION_BUILD_DIR = $PROJECT_DIR/../../bin64/libs;
				DEPLOYMENT_LOCATION = NO;
				DEPLOYMENT_POSTPROCESSING = NO;
				DYLIB_COMPATIBILITY_VERSION = 1;
				DYLIB_CURRENT_VERSION = 1;
				EXECUTABLE_PREFIX = lib;
				HEADER_SEARCH_PATHS = (
					"$(inherited)",
					/Applications/Xcode.app/Contents/Developer/Toolchains/XcodeDefault.xctoolchain/usr/include,
					"$(SRCROOT)/../../Common",
					"$(SRCROOT)/../../3rd/inc",
					"$(SRCROOT)/../../3rd",
					"$(SRCROOT)/../../Native",
				);
				INSTALL_PATH = "";
				OTHER_CFLAGS = (
					"-DENVIRONS_OSX",
					"-DENVIRONS_NATIVE_MODULE",
					"-DDISPLAYDEVICE",
					"-DTARGET_OS_MAC",
					"-DNDEBUG",
				);
				PRODUCT_NAME = "Env-EncOpenH264";
				STRIP_INSTALLED_PRODUCT = NO;
				SYMROOT = $PROJECT_DIR/../../bin64/libs;
			};
			name = Release;
		};
/* End XCBuildConfiguration section */

/* Begin XCConfigurationList section */
		7E51945E1B20EB1900F5BF38 /* Build configuration list for PBXProject "Env-EncOpenH264" */ = {
			isa = XCConfigurationList;
			buildConfigurations = (
				7E5194651B20EB1900F5BF38 /* Debug */,
				7E5194661B20EB1900F5BF38 /* Release */,
			);
			defaultConfigurationIsVisible = 0;
			defaultConfigurationName = Release;
		};
		7E5194671B20EB1900F5BF38 /* Build configuration list for PBXNativeTarget "Env-EncOpenH264" */ = {
			isa = XCConfigurationList;
			buildConfigurations = (
				7E5194681B20EB1900F5BF38 /* Debug */,
				7E5194691B20EB1900F5BF38 /* Release */,
			);
			defaultConfigurationIsVisible = 0;
			defaultConfigurationName = Release;
		};
/* End XCConfigurationList section */
	};
	rootObject = 7E51945B1B20EB1900F5BF38 /* Project object */;
}
