// !$*UTF8*$!
{
	archiveVersion = 1;
	classes = {
	};
	objectVersion = 46;
	objects = {

/* Begin PBXBuildFile section */
		7E3B0B421C6188DA0064C4FB /* Simple.Console.CPP.cpp in Sources */ = {isa = PBXBuildFile; fileRef = 7E3B0B3D1C6188DA0064C4FB /* Simple.Console.CPP.cpp */; };
		7E3B0B431C6188DA0064C4FB /* stdafx.cpp in Sources */ = {isa = PBXBuildFile; fileRef = 7E3B0B3E1C6188DA0064C4FB /* stdafx.cpp */; };
		7E3B0B461C6189560064C4FB /* Environs.Loader.cpp in Sources */ = {isa = PBXBuildFile; fileRef = 7E3B0B441C6189560064C4FB /* Environs.Loader.cpp */; };
/* End PBXBuildFile section */

/* Begin PBXCopyFilesBuildPhase section */
		7E3B0B311C6188250064C4FB /* CopyFiles */ = {
			isa = PBXCopyFilesBuildPhase;
			buildActionMask = 2147483647;
			dstPath = /usr/share/man/man1/;
			dstSubfolderSpec = 0;
			files = (
			);
			runOnlyForDeploymentPostprocessing = 1;
		};
/* End PBXCopyFilesBuildPhase section */

/* Begin PBXFileReference section */
		7E3B0B331C6188250064C4FB /* Simple.Console.CPP */ = {isa = PBXFileReference; explicitFileType = "compiled.mach-o.executable"; includeInIndex = 0; path = Simple.Console.CPP; sourceTree = BUILT_PRODUCTS_DIR; };
		7E3B0B3D1C6188DA0064C4FB /* Simple.Console.CPP.cpp */ = {isa = PBXFileReference; fileEncoding = 4; lastKnownFileType = sourcecode.cpp.cpp; name = Simple.Console.CPP.cpp; path = ../../Windows/Simple.Console.CPP/Simple.Console.CPP.cpp; sourceTree = "<group>"; };
		7E3B0B3E1C6188DA0064C4FB /* stdafx.cpp */ = {isa = PBXFileReference; fileEncoding = 4; lastKnownFileType = sourcecode.cpp.cpp; name = stdafx.cpp; path = ../../Windows/Simple.Console.CPP/stdafx.cpp; sourceTree = "<group>"; };
		7E3B0B3F1C6188DA0064C4FB /* Simple.Console.CPP.h */ = {isa = PBXFileReference; fileEncoding = 4; lastKnownFileType = sourcecode.c.h; name = Simple.Console.CPP.h; path = ../../Windows/Simple.Console.CPP/Simple.Console.CPP.h; sourceTree = "<group>"; };
		7E3B0B401C6188DA0064C4FB /* stdafx.h */ = {isa = PBXFileReference; fileEncoding = 4; lastKnownFileType = sourcecode.c.h; name = stdafx.h; path = ../../Windows/Simple.Console.CPP/stdafx.h; sourceTree = "<group>"; };
		7E3B0B411C6188DA0064C4FB /* targetver.h */ = {isa = PBXFileReference; fileEncoding = 4; lastKnownFileType = sourcecode.c.h; name = targetver.h; path = ../../Windows/Simple.Console.CPP/targetver.h; sourceTree = "<group>"; };
		7E3B0B441C6189560064C4FB /* Environs.Loader.cpp */ = {isa = PBXFileReference; fileEncoding = 4; lastKnownFileType = sourcecode.cpp.cpp; name = Environs.Loader.cpp; path = ../../Common/Environs.Loader.cpp; sourceTree = "<group>"; };
		7E3B0B451C6189560064C4FB /* Environs.Loader.h */ = {isa = PBXFileReference; fileEncoding = 4; lastKnownFileType = sourcecode.c.h; name = Environs.Loader.h; path = ../../Common/Environs.Loader.h; sourceTree = "<group>"; };
/* End PBXFileReference section */

/* Begin PBXFrameworksBuildPhase section */
		7E3B0B301C6188250064C4FB /* Frameworks */ = {
			isa = PBXFrameworksBuildPhase;
			buildActionMask = 2147483647;
			files = (
			);
			runOnlyForDeploymentPostprocessing = 0;
		};
/* End PBXFrameworksBuildPhase section */

/* Begin PBXGroup section */
		7E3B0B2A1C6188250064C4FB = {
			isa = PBXGroup;
			children = (
				7E3B0B351C6188250064C4FB /* Simple.Console.CPP */,
				7E3B0B341C6188250064C4FB /* Products */,
			);
			sourceTree = "<group>";
		};
		7E3B0B341C6188250064C4FB /* Products */ = {
			isa = PBXGroup;
			children = (
				7E3B0B331C6188250064C4FB /* Simple.Console.CPP */,
			);
			name = Products;
			sourceTree = "<group>";
		};
		7E3B0B351C6188250064C4FB /* Simple.Console.CPP */ = {
			isa = PBXGroup;
			children = (
				7E3B0B441C6189560064C4FB /* Environs.Loader.cpp */,
				7E3B0B451C6189560064C4FB /* Environs.Loader.h */,
				7E3B0B3D1C6188DA0064C4FB /* Simple.Console.CPP.cpp */,
				7E3B0B3F1C6188DA0064C4FB /* Simple.Console.CPP.h */,
				7E3B0B3E1C6188DA0064C4FB /* stdafx.cpp */,
				7E3B0B401C6188DA0064C4FB /* stdafx.h */,
				7E3B0B411C6188DA0064C4FB /* targetver.h */,
			);
			path = Simple.Console.CPP;
			sourceTree = "<group>";
		};
/* End PBXGroup section */

/* Begin PBXNativeTarget section */
		7E3B0B321C6188250064C4FB /* Simple.Console.CPP */ = {
			isa = PBXNativeTarget;
			buildConfigurationList = 7E3B0B3A1C6188250064C4FB /* Build configuration list for PBXNativeTarget "Simple.Console.CPP" */;
			buildPhases = (
				7E3B0B2F1C6188250064C4FB /* Sources */,
				7E3B0B301C6188250064C4FB /* Frameworks */,
				7E3B0B311C6188250064C4FB /* CopyFiles */,
			);
			buildRules = (
			);
			dependencies = (
			);
			name = Simple.Console.CPP;
			productName = Simple.Console.CPP;
			productReference = 7E3B0B331C6188250064C4FB /* Simple.Console.CPP */;
			productType = "com.apple.product-type.tool";
		};
/* End PBXNativeTarget section */

/* Begin PBXProject section */
		7E3B0B2B1C6188250064C4FB /* Project object */ = {
			isa = PBXProject;
			attributes = {
				LastUpgradeCheck = 0720;
				ORGANIZATIONNAME = HCMLab;
				TargetAttributes = {
					7E3B0B321C6188250064C4FB = {
						CreatedOnToolsVersion = 7.2;
					};
				};
			};
			buildConfigurationList = 7E3B0B2E1C6188250064C4FB /* Build configuration list for PBXProject "Simple.Console.CPP" */;
			compatibilityVersion = "Xcode 3.2";
			developmentRegion = English;
			hasScannedForEncodings = 0;
			knownRegions = (
				en,
			);
			mainGroup = 7E3B0B2A1C6188250064C4FB;
			productRefGroup = 7E3B0B341C6188250064C4FB /* Products */;
			projectDirPath = "";
			projectRoot = "";
			targets = (
				7E3B0B321C6188250064C4FB /* Simple.Console.CPP */,
			);
		};
/* End PBXProject section */

/* Begin PBXSourcesBuildPhase section */
		7E3B0B2F1C6188250064C4FB /* Sources */ = {
			isa = PBXSourcesBuildPhase;
			buildActionMask = 2147483647;
			files = (
				7E3B0B431C6188DA0064C4FB /* stdafx.cpp in Sources */,
				7E3B0B461C6189560064C4FB /* Environs.Loader.cpp in Sources */,
				7E3B0B421C6188DA0064C4FB /* Simple.Console.CPP.cpp in Sources */,
			);
			runOnlyForDeploymentPostprocessing = 0;
		};
/* End PBXSourcesBuildPhase section */

/* Begin XCBuildConfiguration section */
		7E3B0B381C6188250064C4FB /* Debug */ = {
			isa = XCBuildConfiguration;
			buildSettings = {
				ALWAYS_SEARCH_USER_PATHS = NO;
				CLANG_CXX_LANGUAGE_STANDARD = "gnu++0x";
				CLANG_CXX_LIBRARY = "libc++";
				CLANG_ENABLE_MODULES = YES;
				CLANG_ENABLE_OBJC_ARC = YES;
				CLANG_WARN_BOOL_CONVERSION = YES;
				CLANG_WARN_CONSTANT_CONVERSION = YES;
				CLANG_WARN_DIRECT_OBJC_ISA_USAGE = YES_ERROR;
				CLANG_WARN_EMPTY_BODY = YES;
				CLANG_WARN_ENUM_CONVERSION = YES;
				CLANG_WARN_INT_CONVERSION = YES;
				CLANG_WARN_OBJC_ROOT_CLASS = YES_ERROR;
				CLANG_WARN_UNREACHABLE_CODE = YES;
				CLANG_WARN__DUPLICATE_METHOD_MATCH = YES;
				CODE_SIGN_IDENTITY = "-";
				COPY_PHASE_STRIP = NO;
				DEBUG_INFORMATION_FORMAT = dwarf;
				ENABLE_STRICT_OBJC_MSGSEND = YES;
				ENABLE_TESTABILITY = YES;
				GCC_C_LANGUAGE_STANDARD = gnu99;
				GCC_DYNAMIC_NO_PIC = NO;
				GCC_NO_COMMON_BLOCKS = YES;
				GCC_OPTIMIZATION_LEVEL = 0;
				GCC_PREPROCESSOR_DEFINITIONS = (
					"DEBUG=1",
					"$(inherited)",
				);
				GCC_WARN_64_TO_32_BIT_CONVERSION = YES;
				GCC_WARN_ABOUT_RETURN_TYPE = YES_ERROR;
				GCC_WARN_UNDECLARED_SELECTOR = YES;
				GCC_WARN_UNINITIALIZED_AUTOS = YES_AGGRESSIVE;
				GCC_WARN_UNUSED_FUNCTION = YES;
				GCC_WARN_UNUSED_VARIABLE = YES;
				MACOSX_DEPLOYMENT_TARGET = 10.11;
				MTL_ENABLE_DEBUG_INFO = YES;
				ONLY_ACTIVE_ARCH = YES;
				SDKROOT = macosx;
			};
			name = Debug;
		};
		7E3B0B391C6188250064C4FB /* Release */ = {
			isa = XCBuildConfiguration;
			buildSettings = {
				ALWAYS_SEARCH_USER_PATHS = NO;
				CLANG_CXX_LANGUAGE_STANDARD = "gnu++0x";
				CLANG_CXX_LIBRARY = "libc++";
				CLANG_ENABLE_MODULES = YES;
				CLANG_ENABLE_OBJC_ARC = YES;
				CLANG_WARN_BOOL_CONVERSION = YES;
				CLANG_WARN_CONSTANT_CONVERSION = YES;
				CLANG_WARN_DIRECT_OBJC_ISA_USAGE = YES_ERROR;
				CLANG_WARN_EMPTY_BODY = YES;
				CLANG_WARN_ENUM_CONVERSION = YES;
				CLANG_WARN_INT_CONVERSION = YES;
				CLANG_WARN_OBJC_ROOT_CLASS = YES_ERROR;
				CLANG_WARN_UNREACHABLE_CODE = YES;
				CLANG_WARN__DUPLICATE_METHOD_MATCH = YES;
				CODE_SIGN_IDENTITY = "-";
				COPY_PHASE_STRIP = NO;
				DEBUG_INFORMATION_FORMAT = "dwarf-with-dsym";
				ENABLE_NS_ASSERTIONS = NO;
				ENABLE_STRICT_OBJC_MSGSEND = YES;
				GCC_C_LANGUAGE_STANDARD = gnu99;
				GCC_NO_COMMON_BLOCKS = YES;
				GCC_WARN_64_TO_32_BIT_CONVERSION = YES;
				GCC_WARN_ABOUT_RETURN_TYPE = YES_ERROR;
				GCC_WARN_UNDECLARED_SELECTOR = YES;
				GCC_WARN_UNINITIALIZED_AUTOS = YES_AGGRESSIVE;
				GCC_WARN_UNUSED_FUNCTION = YES;
				GCC_WARN_UNUSED_VARIABLE = YES;
				MACOSX_DEPLOYMENT_TARGET = 10.11;
				MTL_ENABLE_DEBUG_INFO = NO;
				SDKROOT = macosx;
			};
			name = Release;
		};
		7E3B0B3B1C6188250064C4FB /* Debug */ = {
			isa = XCBuildConfiguration;
			buildSettings = {
				CONFIGURATION_BUILD_DIR = $PROJECT_DIR/../bin64;
				HEADER_SEARCH_PATHS = (
					"\"$(SRCROOT)/../Common\"",
					"\"$(SRCROOT)/../Native\"",
				);
				PRODUCT_NAME = "$(TARGET_NAME)";
			};
			name = Debug;
		};
		7E3B0B3C1C6188250064C4FB /* Release */ = {
			isa = XCBuildConfiguration;
			buildSettings = {
				CONFIGURATION_BUILD_DIR = $PROJECT_DIR/../bin64;
				HEADER_SEARCH_PATHS = (
					"\"$(SRCROOT)/../Common\"",
					"\"$(SRCROOT)/../Native\"",
				);
				PRODUCT_NAME = "$(TARGET_NAME)";
			};
			name = Release;
		};
/* End XCBuildConfiguration section */

/* Begin XCConfigurationList section */
		7E3B0B2E1C6188250064C4FB /* Build configuration list for PBXProject "Simple.Console.CPP" */ = {
			isa = XCConfigurationList;
			buildConfigurations = (
				7E3B0B381C6188250064C4FB /* Debug */,
				7E3B0B391C6188250064C4FB /* Release */,
			);
			defaultConfigurationIsVisible = 0;
			defaultConfigurationName = Release;
		};
		7E3B0B3A1C6188250064C4FB /* Build configuration list for PBXNativeTarget "Simple.Console.CPP" */ = {
			isa = XCConfigurationList;
			buildConfigurations = (
				7E3B0B3B1C6188250064C4FB /* Debug */,
				7E3B0B3C1C6188250064C4FB /* Release */,
			);
			defaultConfigurationIsVisible = 0;
			defaultConfigurationName = Release;
		};
/* End XCConfigurationList section */
	};
	rootObject = 7E3B0B2B1C6188250064C4FB /* Project object */;
}
