// !$*UTF8*$!
{
	archiveVersion = 1;
	classes = {
	};
	objectVersion = 46;
	objects = {

/* Begin PBXBuildFile section */
		7E10E7561BD6B371008A927D /* Environs.Loader.cpp in Sources */ = {isa = PBXBuildFile; fileRef = 7E10E7551BD6B371008A927D /* Environs.Loader.cpp */; };
		7E2220C01B51BC48003E5D9C /* libEnvirons.dylib in Frameworks */ = {isa = PBXBuildFile; fileRef = 7ED0D3091AFC184400345B64 /* libEnvirons.dylib */; };
		7ED0D2EA1AFC13CD00345B64 /* AppDelegate.mm in Sources */ = {isa = PBXBuildFile; fileRef = 7ED0D2E91AFC13CD00345B64 /* AppDelegate.mm */; };
		7ED0D2EC1AFC13CD00345B64 /* main.m in Sources */ = {isa = PBXBuildFile; fileRef = 7ED0D2EB1AFC13CD00345B64 /* main.m */; };
		7ED0D2EF1AFC13CD00345B64 /* RemoteTouchView.mm in Sources */ = {isa = PBXBuildFile; fileRef = 7ED0D2EE1AFC13CD00345B64 /* RemoteTouchView.mm */; };
		7ED0D2F11AFC13CD00345B64 /* Images.xcassets in Resources */ = {isa = PBXBuildFile; fileRef = 7ED0D2F01AFC13CD00345B64 /* Images.xcassets */; };
		7ED0D2F41AFC13CD00345B64 /* Main.storyboard in Resources */ = {isa = PBXBuildFile; fileRef = 7ED0D2F21AFC13CD00345B64 /* Main.storyboard */; };
		7EE0EE941B55EDB900365A0E /* hcmbg.jpg in Resources */ = {isa = PBXBuildFile; fileRef = 7EE0EE931B55EDB900365A0E /* hcmbg.jpg */; };
/* End PBXBuildFile section */

/* Begin PBXFileReference section */
		7E10E7541BD6B371008A927D /* Environs.Loader.h */ = {isa = PBXFileReference; fileEncoding = 4; lastKnownFileType = sourcecode.c.h; name = Environs.Loader.h; path = ../../Common/Environs.Loader.h; sourceTree = "<group>"; };
		7E10E7551BD6B371008A927D /* Environs.Loader.cpp */ = {isa = PBXFileReference; fileEncoding = 4; lastKnownFileType = sourcecode.cpp.cpp; name = Environs.Loader.cpp; path = ../../Common/Environs.Loader.cpp; sourceTree = "<group>"; };
		7E6335D11BD2A0370025C9D3 /* Observer.h */ = {isa = PBXFileReference; lastKnownFileType = sourcecode.c.h; path = Observer.h; sourceTree = "<group>"; };
		7EAC82441C67BC03009E4DA7 /* main.m */ = {isa = PBXFileReference; lastKnownFileType = sourcecode.c.objc; path = main.m; sourceTree = "<group>"; };
		7ED0D2E31AFC13CD00345B64 /* RemoteTouch.CPP.app */ = {isa = PBXFileReference; explicitFileType = wrapper.application; includeInIndex = 0; path = RemoteTouch.CPP.app; sourceTree = BUILT_PRODUCTS_DIR; };
		7ED0D2E71AFC13CD00345B64 /* Info.plist */ = {isa = PBXFileReference; lastKnownFileType = text.plist.xml; path = Info.plist; sourceTree = "<group>"; };
		7ED0D2E81AFC13CD00345B64 /* AppDelegate.h */ = {isa = PBXFileReference; lastKnownFileType = sourcecode.c.h; path = AppDelegate.h; sourceTree = "<group>"; };
		7ED0D2E91AFC13CD00345B64 /* AppDelegate.mm */ = {isa = PBXFileReference; lastKnownFileType = sourcecode.cpp.objcpp; path = AppDelegate.mm; sourceTree = "<group>"; };
		7ED0D2EB1AFC13CD00345B64 /* main.m */ = {isa = PBXFileReference; lastKnownFileType = sourcecode.c.objc; path = main.m; sourceTree = "<group>"; };
		7ED0D2ED1AFC13CD00345B64 /* RemoteTouchView.h */ = {isa = PBXFileReference; lastKnownFileType = sourcecode.c.h; path = RemoteTouchView.h; sourceTree = "<group>"; };
		7ED0D2EE1AFC13CD00345B64 /* RemoteTouchView.mm */ = {isa = PBXFileReference; lastKnownFileType = sourcecode.cpp.objcpp; path = RemoteTouchView.mm; sourceTree = "<group>"; };
		7ED0D2F01AFC13CD00345B64 /* Images.xcassets */ = {isa = PBXFileReference; lastKnownFileType = folder.assetcatalog; path = Images.xcassets; sourceTree = "<group>"; };
		7ED0D2F31AFC13CD00345B64 /* Base */ = {isa = PBXFileReference; lastKnownFileType = file.storyboard; name = Base; path = Base.lproj/Main.storyboard; sourceTree = "<group>"; };
		7ED0D3091AFC184400345B64 /* libEnvirons.dylib */ = {isa = PBXFileReference; lastKnownFileType = "compiled.mach-o.dylib"; name = libEnvirons.dylib; path = "../../../../Library/Developer/Xcode/DerivedData/RemoteTouch.CPP.WSDev-bpozrvtfeukvojazkqaksbiphged/Build/Products/Debug/libEnvirons.dylib"; sourceTree = "<group>"; };
		7EE0EE931B55EDB900365A0E /* hcmbg.jpg */ = {isa = PBXFileReference; lastKnownFileType = image.jpg; name = hcmbg.jpg; path = ../../Common/hcm/hcmbg.jpg; sourceTree = "<group>"; };
/* End PBXFileReference section */

/* Begin PBXFrameworksBuildPhase section */
		7ED0D2E01AFC13CD00345B64 /* Frameworks */ = {
			isa = PBXFrameworksBuildPhase;
			buildActionMask = 2147483647;
			files = (
				7E2220C01B51BC48003E5D9C /* libEnvirons.dylib in Frameworks */,
			);
			runOnlyForDeploymentPostprocessing = 0;
		};
/* End PBXFrameworksBuildPhase section */

/* Begin PBXGroup section */
		7ED0D2DA1AFC13CD00345B64 = {
			isa = PBXGroup;
			children = (
				7ED0D3091AFC184400345B64 /* libEnvirons.dylib */,
				7ED0D2E51AFC13CD00345B64 /* RemoteTouch.CPP */,
				7ED0D2E41AFC13CD00345B64 /* Products */,
			);
			sourceTree = "<group>";
		};
		7ED0D2E41AFC13CD00345B64 /* Products */ = {
			isa = PBXGroup;
			children = (
				7ED0D2E31AFC13CD00345B64 /* RemoteTouch.CPP.app */,
			);
			name = Products;
			sourceTree = "<group>";
		};
		7ED0D2E51AFC13CD00345B64 /* RemoteTouch.CPP */ = {
			isa = PBXGroup;
			children = (
				7ED0D2E81AFC13CD00345B64 /* AppDelegate.h */,
				7ED0D2E91AFC13CD00345B64 /* AppDelegate.mm */,
				7E10E7551BD6B371008A927D /* Environs.Loader.cpp */,
				7E10E7541BD6B371008A927D /* Environs.Loader.h */,
				7EE0EE931B55EDB900365A0E /* hcmbg.jpg */,
				7ED0D2F01AFC13CD00345B64 /* Images.xcassets */,
				7EAC82441C67BC03009E4DA7 /* main.m */,
				7ED0D2F21AFC13CD00345B64 /* Main.storyboard */,
				7E6335D11BD2A0370025C9D3 /* Observer.h */,
				7ED0D2ED1AFC13CD00345B64 /* RemoteTouchView.h */,
				7ED0D2EE1AFC13CD00345B64 /* RemoteTouchView.mm */,
				7ED0D2E61AFC13CD00345B64 /* Supporting Files */,
			);
			path = RemoteTouch.CPP;
			sourceTree = "<group>";
		};
		7ED0D2E61AFC13CD00345B64 /* Supporting Files */ = {
			isa = PBXGroup;
			children = (
				7ED0D2E71AFC13CD00345B64 /* Info.plist */,
				7ED0D2EB1AFC13CD00345B64 /* main.m */,
			);
			name = "Supporting Files";
			sourceTree = "<group>";
		};
/* End PBXGroup section */

/* Begin PBXNativeTarget section */
		7ED0D2E21AFC13CD00345B64 /* RemoteTouch.CPP */ = {
			isa = PBXNativeTarget;
			buildConfigurationList = 7ED0D3031AFC13CD00345B64 /* Build configuration list for PBXNativeTarget "RemoteTouch.CPP" */;
			buildPhases = (
				7ED0D2DF1AFC13CD00345B64 /* Sources */,
				7ED0D2E01AFC13CD00345B64 /* Frameworks */,
				7ED0D2E11AFC13CD00345B64 /* Resources */,
			);
			buildRules = (
			);
			dependencies = (
			);
			name = RemoteTouch.CPP;
			productName = RemoteTouch.CPP;
			productReference = 7ED0D2E31AFC13CD00345B64 /* RemoteTouch.CPP.app */;
			productType = "com.apple.product-type.application";
		};
/* End PBXNativeTarget section */

/* Begin PBXProject section */
		7ED0D2DB1AFC13CD00345B64 /* Project object */ = {
			isa = PBXProject;
			attributes = {
				LastUpgradeCheck = 0700;
				ORGANIZATIONNAME = HCMLab;
				TargetAttributes = {
					7ED0D2E21AFC13CD00345B64 = {
						CreatedOnToolsVersion = 6.3;
					};
				};
			};
			buildConfigurationList = 7ED0D2DE1AFC13CD00345B64 /* Build configuration list for PBXProject "RemoteTouch.CPP" */;
			compatibilityVersion = "Xcode 3.2";
			developmentRegion = English;
			hasScannedForEncodings = 0;
			knownRegions = (
				en,
				Base,
			);
			mainGroup = 7ED0D2DA1AFC13CD00345B64;
			productRefGroup = 7ED0D2E41AFC13CD00345B64 /* Products */;
			projectDirPath = "";
			projectRoot = "";
			targets = (
				7ED0D2E21AFC13CD00345B64 /* RemoteTouch.CPP */,
			);
		};
/* End PBXProject section */

/* Begin PBXResourcesBuildPhase section */
		7ED0D2E11AFC13CD00345B64 /* Resources */ = {
			isa = PBXResourcesBuildPhase;
			buildActionMask = 2147483647;
			files = (
				7ED0D2F11AFC13CD00345B64 /* Images.xcassets in Resources */,
				7ED0D2F41AFC13CD00345B64 /* Main.storyboard in Resources */,
				7EE0EE941B55EDB900365A0E /* hcmbg.jpg in Resources */,
			);
			runOnlyForDeploymentPostprocessing = 0;
		};
/* End PBXResourcesBuildPhase section */

/* Begin PBXSourcesBuildPhase section */
		7ED0D2DF1AFC13CD00345B64 /* Sources */ = {
			isa = PBXSourcesBuildPhase;
			buildActionMask = 2147483647;
			files = (
				7ED0D2EF1AFC13CD00345B64 /* RemoteTouchView.mm in Sources */,
				7E10E7561BD6B371008A927D /* Environs.Loader.cpp in Sources */,
				7ED0D2EC1AFC13CD00345B64 /* main.m in Sources */,
				7ED0D2EA1AFC13CD00345B64 /* AppDelegate.mm in Sources */,
			);
			runOnlyForDeploymentPostprocessing = 0;
		};
/* End PBXSourcesBuildPhase section */

/* Begin PBXVariantGroup section */
		7ED0D2F21AFC13CD00345B64 /* Main.storyboard */ = {
			isa = PBXVariantGroup;
			children = (
				7ED0D2F31AFC13CD00345B64 /* Base */,
			);
			name = Main.storyboard;
			sourceTree = "<group>";
		};
/* End PBXVariantGroup section */

/* Begin XCBuildConfiguration section */
		7ED0D3011AFC13CD00345B64 /* Debug */ = {
			isa = XCBuildConfiguration;
			buildSettings = {
				ALWAYS_SEARCH_USER_PATHS = NO;
				CLANG_CXX_LANGUAGE_STANDARD = "gnu++0x";
				CLANG_CXX_LIBRARY = "libc++";
				CLANG_ENABLE_MODULES = YES;
				CLANG_ENABLE_OBJC_ARC = YES;
				CLANG_WARN_BOOL_CONVERSION = YES;
				CLANG_WARN_CONSTANT_CONVERSION = YES;
				CLANG_WARN_DIRECT_OBJC_ISA_USAGE = YES_ERROR;
				CLANG_WARN_EMPTY_BODY = YES;
				CLANG_WARN_ENUM_CONVERSION = YES;
				CLANG_WARN_INT_CONVERSION = YES;
				CLANG_WARN_OBJC_ROOT_CLASS = YES_ERROR;
				CLANG_WARN_UNREACHABLE_CODE = YES;
				CLANG_WARN__DUPLICATE_METHOD_MATCH = YES;
				CODE_SIGN_IDENTITY = "-";
				COPY_PHASE_STRIP = NO;
				DEBUG_INFORMATION_FORMAT = dwarf;
				ENABLE_STRICT_OBJC_MSGSEND = YES;
				ENABLE_TESTABILITY = YES;
				GCC_C_LANGUAGE_STANDARD = gnu99;
				GCC_DYNAMIC_NO_PIC = NO;
				GCC_NO_COMMON_BLOCKS = YES;
				GCC_OPTIMIZATION_LEVEL = 0;
				GCC_PREPROCESSOR_DEFINITIONS = (
					"DEBUG=1",
					"$(inherited)",
				);
				GCC_SYMBOLS_PRIVATE_EXTERN = NO;
				GCC_WARN_64_TO_32_BIT_CONVERSION = YES;
				GCC_WARN_ABOUT_RETURN_TYPE = YES_ERROR;
				GCC_WARN_UNDECLARED_SELECTOR = YES;
				GCC_WARN_UNINITIALIZED_AUTOS = YES_AGGRESSIVE;
				GCC_WARN_UNUSED_FUNCTION = YES;
				GCC_WARN_UNUSED_VARIABLE = YES;
				HEADER_SEARCH_PATHS = (
					"$(inherited)",
					/Applications/Xcode.app/Contents/Developer/Toolchains/XcodeDefault.xctoolchain/usr/include,
					"\"$(SRCROOT)/../Native\"",
					"\"$(SRCROOT)/../Common\"",
				);
				LIBRARY_SEARCH_PATHS = "$(SRCROOT)/../bin64";
				MACOSX_DEPLOYMENT_TARGET = 10.10;
				MTL_ENABLE_DEBUG_INFO = YES;
				ONLY_ACTIVE_ARCH = YES;
				SDKROOT = macosx;
			};
			name = Debug;
		};
		7ED0D3021AFC13CD00345B64 /* Release */ = {
			isa = XCBuildConfiguration;
			buildSettings = {
				ALWAYS_SEARCH_USER_PATHS = NO;
				CLANG_CXX_LANGUAGE_STANDARD = "gnu++0x";
				CLANG_CXX_LIBRARY = "libc++";
				CLANG_ENABLE_MODULES = YES;
				CLANG_ENABLE_OBJC_ARC = YES;
				CLANG_WARN_BOOL_CONVERSION = YES;
				CLANG_WARN_CONSTANT_CONVERSION = YES;
				CLANG_WARN_DIRECT_OBJC_ISA_USAGE = YES_ERROR;
				CLANG_WARN_EMPTY_BODY = YES;
				CLANG_WARN_ENUM_CONVERSION = YES;
				CLANG_WARN_INT_CONVERSION = YES;
				CLANG_WARN_OBJC_ROOT_CLASS = YES_ERROR;
				CLANG_WARN_UNREACHABLE_CODE = YES;
				CLANG_WARN__DUPLICATE_METHOD_MATCH = YES;
				CODE_SIGN_IDENTITY = "-";
				COPY_PHASE_STRIP = NO;
				DEBUG_INFORMATION_FORMAT = "dwarf-with-dsym";
				ENABLE_NS_ASSERTIONS = NO;
				ENABLE_STRICT_OBJC_MSGSEND = YES;
				GCC_C_LANGUAGE_STANDARD = gnu99;
				GCC_NO_COMMON_BLOCKS = YES;
				GCC_WARN_64_TO_32_BIT_CONVERSION = YES;
				GCC_WARN_ABOUT_RETURN_TYPE = YES_ERROR;
				GCC_WARN_UNDECLARED_SELECTOR = YES;
				GCC_WARN_UNINITIALIZED_AUTOS = YES_AGGRESSIVE;
				GCC_WARN_UNUSED_FUNCTION = YES;
				GCC_WARN_UNUSED_VARIABLE = YES;
				HEADER_SEARCH_PATHS = (
					"$(inherited)",
					/Applications/Xcode.app/Contents/Developer/Toolchains/XcodeDefault.xctoolchain/usr/include,
					"\"$(SRCROOT)/../Native\"",
					"\"$(SRCROOT)/../Common\"",
				);
				LIBRARY_SEARCH_PATHS = "$(SRCROOT)/../bin64";
				MACOSX_DEPLOYMENT_TARGET = 10.10;
				MTL_ENABLE_DEBUG_INFO = NO;
				SDKROOT = macosx;
			};
			name = Release;
		};
		7ED0D3041AFC13CD00345B64 /* Debug */ = {
			isa = XCBuildConfiguration;
			buildSettings = {
				ASSETCATALOG_COMPILER_APPICON_NAME = AppIcon;
				COMBINE_HIDPI_IMAGES = YES;
				CONFIGURATION_BUILD_DIR = $PROJECT_DIR/../bin64;
				INFOPLIST_FILE = RemoteTouch.CPP/Info.plist;
				LD_RUNPATH_SEARCH_PATHS = "$(inherited) @executable_path/../Frameworks";
				LIBRARY_SEARCH_PATHS = "$(inherited)";
				OTHER_CFLAGS = "";
				PRODUCT_BUNDLE_IDENTIFIER = "de.hcm-lab.$(PRODUCT_NAME:rfc1034identifier)";
				PRODUCT_NAME = "$(TARGET_NAME)";
				SYMROOT = build;
			};
			name = Debug;
		};
		7ED0D3051AFC13CD00345B64 /* Release */ = {
			isa = XCBuildConfiguration;
			buildSettings = {
				ASSETCATALOG_COMPILER_APPICON_NAME = AppIcon;
				COMBINE_HIDPI_IMAGES = YES;
				CONFIGURATION_BUILD_DIR = $PROJECT_DIR/../bin64;
				INFOPLIST_FILE = RemoteTouch.CPP/Info.plist;
				LD_RUNPATH_SEARCH_PATHS = "$(inherited) @executable_path/../Frameworks";
				LIBRARY_SEARCH_PATHS = "$(inherited)";
				OTHER_CFLAGS = "";
				PRODUCT_BUNDLE_IDENTIFIER = "de.hcm-lab.$(PRODUCT_NAME:rfc1034identifier)";
				PRODUCT_NAME = "$(TARGET_NAME)";
				SYMROOT = build;
			};
			name = Release;
		};
/* End XCBuildConfiguration section */

/* Begin XCConfigurationList section */
		7ED0D2DE1AFC13CD00345B64 /* Build configuration list for PBXProject "RemoteTouch.CPP" */ = {
			isa = XCConfigurationList;
			buildConfigurations = (
				7ED0D3011AFC13CD00345B64 /* Debug */,
				7ED0D3021AFC13CD00345B64 /* Release */,
			);
			defaultConfigurationIsVisible = 0;
			defaultConfigurationName = Release;
		};
		7ED0D3031AFC13CD00345B64 /* Build configuration list for PBXNativeTarget "RemoteTouch.CPP" */ = {
			isa = XCConfigurationList;
			buildConfigurations = (
				7ED0D3041AFC13CD00345B64 /* Debug */,
				7ED0D3051AFC13CD00345B64 /* Release */,
			);
			defaultConfigurationIsVisible = 0;
			defaultConfigurationName = Release;
		};
/* End XCConfigurationList section */
	};
	rootObject = 7ED0D2DB1AFC13CD00345B64 /* Project object */;
}
